<?xml version="1.0" encoding="utf-8"?>
<Project ToolsVersion="4.0" xmlns="http://schemas.microsoft.com/developer/msbuild/2003">
  <ItemGroup>
    <Filter Include="Engine">
      <UniqueIdentifier>{7a56c1fd-086a-44a6-85a4-a848abc2b5b8}</UniqueIdentifier>
    </Filter>
    <Filter Include="Engine\ECS">
      <UniqueIdentifier>{f9a48a94-b57b-4009-a2a2-100373babb5b}</UniqueIdentifier>
    </Filter>
    <Filter Include="Engine\ECS\System">
      <UniqueIdentifier>{561e9868-0d5f-46df-9b0d-b22ab4271b6a}</UniqueIdentifier>
    </Filter>
    <Filter Include="Engine\ECS\System\ProjectileSystem">
      <UniqueIdentifier>{5e9aa4f3-ae9e-40ca-aaa6-928c2e9ff0d7}</UniqueIdentifier>
    </Filter>
    <Filter Include="Engine\ECS\System\AIAgentSystem">
      <UniqueIdentifier>{5053313c-00c9-4dc7-a879-4964c78baf78}</UniqueIdentifier>
    </Filter>
    <Filter Include="Engine\ECS\System\AnimationSystem">
      <UniqueIdentifier>{2d0596a7-d828-4f91-8e6a-ec71e7ec25ef}</UniqueIdentifier>
    </Filter>
    <Filter Include="Engine\ECS\System\InputSystem">
      <UniqueIdentifier>{63f8284f-05b8-42ba-beeb-243466cbb0fc}</UniqueIdentifier>
    </Filter>
    <Filter Include="Engine\ECS\System\CameraSystem">
      <UniqueIdentifier>{1280fded-8ff4-41fc-8f5d-cc675f7b9b7e}</UniqueIdentifier>
    </Filter>
    <Filter Include="Engine\ECS\System\CollisionSystem">
      <UniqueIdentifier>{fabdf4b6-80b2-4642-b12e-b9bdc87d3aed}</UniqueIdentifier>
    </Filter>
    <Filter Include="Engine\ECS\System\CollisionSystem\SpatialHashGrid">
      <UniqueIdentifier>{8dde386a-8b75-4bcf-85e6-2e2b63300f02}</UniqueIdentifier>
    </Filter>
    <Filter Include="Engine\ECS\System\CollisionSystem\SpatialHashGrid\2D">
      <UniqueIdentifier>{6ee0f1b6-e231-455d-a1fb-cd47c97e3a92}</UniqueIdentifier>
    </Filter>
    <Filter Include="Engine\ECS\System\CollisionSystem\SpatialHashGrid\3D">
      <UniqueIdentifier>{2270b63a-264b-4d95-81e4-de10fd08cd73}</UniqueIdentifier>
    </Filter>
    <Filter Include="Engine\ECS\System\SkinnedMeshRendererSystem">
      <UniqueIdentifier>{823eb8d7-26bc-4c6e-989c-0312e2bf7760}</UniqueIdentifier>
    </Filter>
    <Filter Include="Engine\ECS\System\SpriteRendererSystem">
      <UniqueIdentifier>{0e48e2b9-0497-42c9-9927-70ebe3ee7d91}</UniqueIdentifier>
    </Filter>
    <Filter Include="Engine\ECS\System\TransformSystem">
      <UniqueIdentifier>{c40c410a-22d7-4f78-9f1a-9a8f7795bb77}</UniqueIdentifier>
    </Filter>
    <Filter Include="Engine\ECS\System\MeshRendererSystem">
      <UniqueIdentifier>{28a1d3ca-4637-4e57-afe6-f1ed28256212}</UniqueIdentifier>
    </Filter>
    <Filter Include="Engine\ECS\System\LightSystem">
      <UniqueIdentifier>{bdec7e2a-2c8e-4a7d-834e-06d729b59c40}</UniqueIdentifier>
    </Filter>
    <Filter Include="Engine\ECS\System\BoneSocketSystem">
      <UniqueIdentifier>{0b77efba-ee00-4392-960d-98e41db04ad1}</UniqueIdentifier>
    </Filter>
    <Filter Include="Engine\ECS\System\HPSystem">
      <UniqueIdentifier>{9eb45801-30f3-417b-82db-6116fc58ea4f}</UniqueIdentifier>
    </Filter>
    <Filter Include="Engine\ECS\System\AttackableSystem">
      <UniqueIdentifier>{02392b65-b38f-477f-86e6-542fd1e8caa9}</UniqueIdentifier>
    </Filter>
    <Filter Include="Engine\ECS\System\PhysicsSystem">
      <UniqueIdentifier>{6df9d531-78a8-4a49-9860-b906f2ed1869}</UniqueIdentifier>
    </Filter>
    <Filter Include="Engine\ECS\Archetype">
      <UniqueIdentifier>{2dcc519f-c614-4e28-802f-a13947c9d436}</UniqueIdentifier>
    </Filter>
    <Filter Include="Engine\ECS\Entity">
      <UniqueIdentifier>{99bf5dad-2558-4d77-ac1d-d8a6460820af}</UniqueIdentifier>
    </Filter>
    <Filter Include="Engine\ECS\Component">
      <UniqueIdentifier>{f581a475-7c78-4eef-8a8d-97f7a8d594ca}</UniqueIdentifier>
    </Filter>
    <Filter Include="Engine\ECS\Component\Projectile">
      <UniqueIdentifier>{bd079c49-63cf-45b3-9a82-fb1ff937196f}</UniqueIdentifier>
    </Filter>
    <Filter Include="Engine\ECS\Component\Animator">
      <UniqueIdentifier>{e3ad7aa1-2d11-48d1-b4fb-818a67f8e9a3}</UniqueIdentifier>
    </Filter>
    <Filter Include="Engine\ECS\Component\Input">
      <UniqueIdentifier>{13d447fc-113a-440a-980a-d2f2de693700}</UniqueIdentifier>
    </Filter>
    <Filter Include="Engine\ECS\Component\Collider">
      <UniqueIdentifier>{408567bc-fc20-4824-82d8-300c8f128024}</UniqueIdentifier>
    </Filter>
    <Filter Include="Engine\ECS\Component\Collider\Circle">
      <UniqueIdentifier>{7fd5ce92-818d-4ebd-b453-2e134251b35d}</UniqueIdentifier>
    </Filter>
    <Filter Include="Engine\ECS\Component\Collider\Box">
      <UniqueIdentifier>{47f64d3e-abf7-4287-90f6-86b3d9588113}</UniqueIdentifier>
    </Filter>
    <Filter Include="Engine\ECS\Component\Collider\Sphere">
      <UniqueIdentifier>{8246b519-b7da-4ff4-bb7d-4341f994010e}</UniqueIdentifier>
    </Filter>
    <Filter Include="Engine\ECS\Component\Collider\AABB">
      <UniqueIdentifier>{85ffa155-12c3-4730-8ad2-bacccc1a2c15}</UniqueIdentifier>
    </Filter>
    <Filter Include="Engine\ECS\Component\SkinnedMeshRenderer">
      <UniqueIdentifier>{03fc5827-054e-4375-a095-8ddea0dca213}</UniqueIdentifier>
    </Filter>
    <Filter Include="Engine\ECS\Component\SpriteRenderer">
      <UniqueIdentifier>{b4221fa4-b5d7-4f1c-aa7f-6179a7918c4b}</UniqueIdentifier>
    </Filter>
    <Filter Include="Engine\ECS\Component\Target">
      <UniqueIdentifier>{a8ca2bda-9344-432f-aad5-59239bc31993}</UniqueIdentifier>
    </Filter>
    <Filter Include="Engine\ECS\Component\Transform">
      <UniqueIdentifier>{04fcba60-a153-4bed-8088-3bb860a6cac2}</UniqueIdentifier>
    </Filter>
    <Filter Include="Engine\ECS\Component\MeshFilter">
      <UniqueIdentifier>{ee590dc4-bf36-465d-a5b2-c7c564133287}</UniqueIdentifier>
    </Filter>
    <Filter Include="Engine\ECS\Component\MeshRenderer">
      <UniqueIdentifier>{5b966e98-aaea-4560-9dc8-13a11660b6ba}</UniqueIdentifier>
    </Filter>
    <Filter Include="Engine\ECS\Component\MeshRenderer\WF">
      <UniqueIdentifier>{0660becd-4729-461a-97eb-d96290d0e10b}</UniqueIdentifier>
    </Filter>
    <Filter Include="Engine\ECS\Component\Light">
      <UniqueIdentifier>{46fe427b-641a-44cd-b9db-5ad0a3c3c63a}</UniqueIdentifier>
    </Filter>
    <Filter Include="Engine\ECS\Component\Velocity">
      <UniqueIdentifier>{7374020e-8140-460f-a5d0-8ca1f40a0ddf}</UniqueIdentifier>
    </Filter>
    <Filter Include="Engine\ECS\Component\AIAgent">
      <UniqueIdentifier>{06c72700-707c-4c3f-b63a-3945d943bc14}</UniqueIdentifier>
    </Filter>
    <Filter Include="Engine\ECS\Component\Layer">
      <UniqueIdentifier>{26338de0-b69a-40ca-a15e-3b5dfb957faf}</UniqueIdentifier>
    </Filter>
    <Filter Include="Engine\ECS\Component\DebugRenderer">
      <UniqueIdentifier>{3109a9d7-db8a-4cac-b9cc-ae1a3968c9e9}</UniqueIdentifier>
    </Filter>
    <Filter Include="Engine\ECS\Component\BoneSocket">
      <UniqueIdentifier>{ee5ce629-1381-4d55-9f43-7c29d16235db}</UniqueIdentifier>
    </Filter>
    <Filter Include="Engine\ECS\Component\HP">
      <UniqueIdentifier>{6759d83c-cd20-4ee1-8909-cc007ec3a65e}</UniqueIdentifier>
    </Filter>
    <Filter Include="Engine\ECS\Component\Attackable">
      <UniqueIdentifier>{b52ea007-b1cb-44d2-ac5c-dc752975f120}</UniqueIdentifier>
    </Filter>
    <Filter Include="Engine\ECS\Component\Damageable">
      <UniqueIdentifier>{730b6433-7123-43e1-84de-4e21c449f045}</UniqueIdentifier>
    </Filter>
    <Filter Include="Engine\ECS\Component\BoneSocket\Camera">
      <UniqueIdentifier>{2c63c779-9794-4947-bfe0-c1fced9dc95d}</UniqueIdentifier>
    </Filter>
    <Filter Include="Engine\ECS\World">
      <UniqueIdentifier>{1a58a290-9ca7-4c4c-9ce8-1124fc09e6e1}</UniqueIdentifier>
    </Filter>
    <Filter Include="Game">
      <UniqueIdentifier>{8571d170-e60d-4416-9202-2b75a2d014c2}</UniqueIdentifier>
    </Filter>
    <Filter Include="Game\Character">
      <UniqueIdentifier>{af1113e5-464e-4fbf-b21e-848d228b4d91}</UniqueIdentifier>
    </Filter>
    <Filter Include="Game\Character\Player">
      <UniqueIdentifier>{d2acf18b-e107-476a-8daf-41783369420e}</UniqueIdentifier>
    </Filter>
    <Filter Include="Game\Character\Player\Arrow">
      <UniqueIdentifier>{25869f04-c3aa-4a90-aa6a-48e8455436a6}</UniqueIdentifier>
    </Filter>
    <Filter Include="Game\Character\Enemy">
      <UniqueIdentifier>{02fe5c2a-1936-4494-bd9e-c8922b8ed651}</UniqueIdentifier>
    </Filter>
    <Filter Include="Game\Character\Combo">
      <UniqueIdentifier>{1bb1fbf1-1a84-4e75-bc94-b0b4b6668b12}</UniqueIdentifier>
    </Filter>
    <Filter Include="Game\Character\Combo\System">
      <UniqueIdentifier>{c15daba3-a8a5-49aa-a376-ea447cbcbe4b}</UniqueIdentifier>
    </Filter>
    <Filter Include="Game\Manager">
      <UniqueIdentifier>{cc5f087f-c91e-444b-839f-d55965897684}</UniqueIdentifier>
    </Filter>
    <Filter Include="Engine\ECS\Component\Damageable\Enum">
      <UniqueIdentifier>{d96a3759-3aaf-46d1-b89b-3ab808d138b6}</UniqueIdentifier>
    </Filter>
    <Filter Include="Game\BattleCamera">
      <UniqueIdentifier>{d66533da-2c17-4fcf-a077-99437352c34f}</UniqueIdentifier>
    </Filter>
    <Filter Include="Engine\ECS\Component\Tag">
      <UniqueIdentifier>{cf180250-447a-42e7-9eaf-2ab3473f88a2}</UniqueIdentifier>
    </Filter>
    <Filter Include="Game\Character\Importer">
      <UniqueIdentifier>{9aa50ce9-fa8f-4877-8496-902f3e210944}</UniqueIdentifier>
    </Filter>
    <Filter Include="Game\Character\Guard">
      <UniqueIdentifier>{abfa5b9c-665a-4737-a1cd-47f030f57f3b}</UniqueIdentifier>
    </Filter>
    <Filter Include="Engine\ECS\Component\UI">
      <UniqueIdentifier>{1416a0a0-d8b3-470f-98bf-a04d11a1f77e}</UniqueIdentifier>
    </Filter>
    <Filter Include="Engine\ECS\System\UICanvasSystem">
      <UniqueIdentifier>{e8bb9bb8-b4ed-4b96-b0fd-756b34f6c597}</UniqueIdentifier>
    </Filter>
    <Filter Include="Engine\Graphics">
      <UniqueIdentifier>{32d0800e-1a21-4cd9-ab66-e08cc5c9639f}</UniqueIdentifier>
    </Filter>
    <Filter Include="Engine\Graphics\CommandBuffer">
      <UniqueIdentifier>{ccfcb6eb-5a31-4ec0-8b00-52c90641fb8a}</UniqueIdentifier>
    </Filter>
    <Filter Include="Engine\Graphics\Shader">
      <UniqueIdentifier>{ef8fdefd-86c6-48ab-ade3-b0ead6114f2b}</UniqueIdentifier>
    </Filter>
    <Filter Include="Engine\Graphics\Shader\LineShader">
      <UniqueIdentifier>{578d8d64-f7ba-4c92-a032-a63535b933eb}</UniqueIdentifier>
    </Filter>
    <Filter Include="Engine\Graphics\DescriptorHeap">
      <UniqueIdentifier>{327dda7e-bd61-4c39-b83a-e6a5354f25a2}</UniqueIdentifier>
    </Filter>
    <Filter Include="Engine\Graphics\Buffer">
      <UniqueIdentifier>{704f5914-e760-468e-af6e-7bb3d3edb948}</UniqueIdentifier>
    </Filter>
    <Filter Include="Engine\Graphics\FrameResource">
      <UniqueIdentifier>{0d7e331f-a093-45d6-b5f5-f9536a93a6c6}</UniqueIdentifier>
    </Filter>
    <Filter Include="Engine\Scene">
      <UniqueIdentifier>{25a18b67-a338-4621-9426-d862c75bf930}</UniqueIdentifier>
    </Filter>
    <Filter Include="Engine\System">
      <UniqueIdentifier>{7f29af62-aab0-485f-8a8d-d303d41ac538}</UniqueIdentifier>
    </Filter>
    <Filter Include="Engine\System\Utils">
      <UniqueIdentifier>{92cb311d-b92f-49f4-9d28-0a942c32f710}</UniqueIdentifier>
    </Filter>
    <Filter Include="Engine\System\FNV-1a">
      <UniqueIdentifier>{bb6cb09c-3a42-4432-b7e2-14af2cf1f537}</UniqueIdentifier>
    </Filter>
    <Filter Include="Engine\System\Physics">
      <UniqueIdentifier>{c6e83f44-d56d-49de-9e1e-725d7c96c9f9}</UniqueIdentifier>
    </Filter>
    <Filter Include="Engine\System\Layers">
      <UniqueIdentifier>{b71e5926-8951-4f16-accb-f750097bdb21}</UniqueIdentifier>
    </Filter>
    <Filter Include="Engine\System\Debug">
      <UniqueIdentifier>{cfad79e5-5e46-4fae-bdf9-b51e061c1e1c}</UniqueIdentifier>
    </Filter>
    <Filter Include="Engine\System\Path">
      <UniqueIdentifier>{9fc0cb1f-a081-4b3c-9b27-21e081333063}</UniqueIdentifier>
    </Filter>
    <Filter Include="Engine\System\Window">
      <UniqueIdentifier>{4ccbb532-db2e-49cb-976f-11ac0858312e}</UniqueIdentifier>
    </Filter>
    <Filter Include="Engine\System\Singleton">
      <UniqueIdentifier>{3c3ccb04-4407-4099-8f68-e6e0922b77e3}</UniqueIdentifier>
    </Filter>
    <Filter Include="Engine\System\Screen">
      <UniqueIdentifier>{c1a025c2-904b-4218-8f1f-74233f02a821}</UniqueIdentifier>
    </Filter>
    <Filter Include="Engine\System\Reference">
      <UniqueIdentifier>{74e15c17-87a6-4c6b-8cfd-3577ead06119}</UniqueIdentifier>
    </Filter>
    <Filter Include="Engine\System\Time">
      <UniqueIdentifier>{fb3f934c-80a9-4d27-8899-86a7456e6338}</UniqueIdentifier>
    </Filter>
    <Filter Include="Engine\System\List">
      <UniqueIdentifier>{7f42d159-aa2f-4c87-ba54-baf84872bcc1}</UniqueIdentifier>
    </Filter>
    <Filter Include="Engine\System\String">
      <UniqueIdentifier>{b0e5c635-8c8a-4c79-b19e-44cda4824f08}</UniqueIdentifier>
    </Filter>
    <Filter Include="Engine\Resource">
      <UniqueIdentifier>{7fb7c8ec-3b73-428c-a0bc-c000bac73854}</UniqueIdentifier>
    </Filter>
    <Filter Include="Engine\Resource\Asset">
      <UniqueIdentifier>{6643440c-429b-4517-9160-c580f472a3ab}</UniqueIdentifier>
    </Filter>
    <Filter Include="Engine\Resource\Asset\Shader">
      <UniqueIdentifier>{396ef0f2-1b2d-44dd-93df-fd3e744c5542}</UniqueIdentifier>
    </Filter>
    <Filter Include="Engine\Resource\Asset\Shader\HLSL">
      <UniqueIdentifier>{baf4f9a3-d9f7-49d0-9f45-c87396fb3e7d}</UniqueIdentifier>
    </Filter>
    <Filter Include="Engine\Resource\Asset\Animation">
      <UniqueIdentifier>{9527c971-850e-4e97-adc6-74c096d28bfc}</UniqueIdentifier>
    </Filter>
    <Filter Include="Engine\Resource\Asset\Skeleton">
      <UniqueIdentifier>{67c73285-69cf-4992-a9e3-ecfa31690707}</UniqueIdentifier>
    </Filter>
    <Filter Include="Engine\Resource\Asset\Sprite">
      <UniqueIdentifier>{b58d8877-158b-4677-b3f3-9428d0c2920a}</UniqueIdentifier>
    </Filter>
    <Filter Include="Engine\Resource\Asset\Texture">
      <UniqueIdentifier>{5516db85-c6f7-4e5a-ac57-b2ddf189bb1f}</UniqueIdentifier>
    </Filter>
    <Filter Include="Engine\Resource\Asset\Material">
      <UniqueIdentifier>{e05911cb-a902-4b02-a6a8-9e9e6dd1632c}</UniqueIdentifier>
    </Filter>
    <Filter Include="Engine\Resource\Asset\Mesh">
      <UniqueIdentifier>{0fe4e66e-95a2-4581-9dfd-5107c77037de}</UniqueIdentifier>
    </Filter>
    <Filter Include="Engine\Resource\AssetImporter">
      <UniqueIdentifier>{72c1ab85-6ac5-4e16-abbb-0127033cdea4}</UniqueIdentifier>
    </Filter>
    <Filter Include="Engine\Resource\AssetImporter\Shader">
      <UniqueIdentifier>{c2efe569-abed-40a0-8004-a8a4e938f16c}</UniqueIdentifier>
    </Filter>
    <Filter Include="Engine\Resource\AssetImporter\Texture">
      <UniqueIdentifier>{aa87146c-9a86-4dea-919a-88b673a240a8}</UniqueIdentifier>
    </Filter>
    <Filter Include="Engine\Resource\AssetImporter\Model">
      <UniqueIdentifier>{bdef09f6-b28a-40ad-b2fc-8c750cd7e826}</UniqueIdentifier>
    </Filter>
    <Filter Include="Engine\Resource\AssetImporter\Image">
      <UniqueIdentifier>{d99ac91d-f00b-48ca-ad08-5598e04cb989}</UniqueIdentifier>
    </Filter>
    <Filter Include="Engine\Math">
      <UniqueIdentifier>{9c575b15-4f68-4cc1-85b1-f1d42f899921}</UniqueIdentifier>
    </Filter>
    <Filter Include="Engine\Math\Color%28RGBA%29">
      <UniqueIdentifier>{415fd782-3a90-407f-bf2b-28cc52e6e2d4}</UniqueIdentifier>
    </Filter>
    <Filter Include="Engine\Math\Vector">
      <UniqueIdentifier>{c3853afa-86c9-48cd-84c8-f19d200e7353}</UniqueIdentifier>
    </Filter>
    <Filter Include="Engine\Math\Vector\Vector2">
      <UniqueIdentifier>{53528ff8-5b21-4949-8399-6f2c8eaa00b3}</UniqueIdentifier>
    </Filter>
    <Filter Include="Engine\Math\Vector\Vector3">
      <UniqueIdentifier>{0945fd1a-5508-4b2f-a361-3603f99973bf}</UniqueIdentifier>
    </Filter>
    <Filter Include="Engine\Math\Vector\Vector4">
      <UniqueIdentifier>{875ab32f-3bf9-4b6d-b73c-79d968091545}</UniqueIdentifier>
    </Filter>
    <Filter Include="Engine\Math\Rect">
      <UniqueIdentifier>{7947c726-26c3-4cb4-a0a2-17d6312b0169}</UniqueIdentifier>
    </Filter>
    <Filter Include="Engine\Math\Ray">
      <UniqueIdentifier>{c79065c6-33f1-4ada-9371-af578aad28b0}</UniqueIdentifier>
    </Filter>
    <Filter Include="Engine\Math\Matrix">
      <UniqueIdentifier>{65654fec-5fec-4c00-a5f9-4004d181561a}</UniqueIdentifier>
    </Filter>
    <Filter Include="Engine\Math\Quaternion">
      <UniqueIdentifier>{418de6c1-ac1f-400c-b5e2-5767e415a444}</UniqueIdentifier>
    </Filter>
    <Filter Include="Engine\Math\Bounds%28AABB%29">
      <UniqueIdentifier>{3eb73c6b-ba3b-4785-9475-dd69043fad67}</UniqueIdentifier>
    </Filter>
    <Filter Include="Engine\Math\Plane">
      <UniqueIdentifier>{66c56124-0f82-4484-82f9-a81fb04a1d1d}</UniqueIdentifier>
    </Filter>
    <Filter Include="Engine\Input">
      <UniqueIdentifier>{7845de62-3be1-43a8-b424-318bac2b2d31}</UniqueIdentifier>
    </Filter>
    <Filter Include="Engine\Input\Keyboard">
      <UniqueIdentifier>{f5d80127-08b2-494f-9d8b-2257236f331d}</UniqueIdentifier>
    </Filter>
    <Filter Include="Engine\Input\Gamepad">
      <UniqueIdentifier>{9470c7aa-9477-4894-8dcc-18c69aaf3f7b}</UniqueIdentifier>
    </Filter>
    <Filter Include="Engine\Input\Control">
      <UniqueIdentifier>{af687782-c53a-4c91-a942-7070dd8abf3a}</UniqueIdentifier>
    </Filter>
    <Filter Include="Engine\Input\Mouse">
      <UniqueIdentifier>{f4c8d4c0-6e90-4424-b643-c78a377b383a}</UniqueIdentifier>
    </Filter>
    <Filter Include="Engine\ECS\Component\UI\UIObjects">
      <UniqueIdentifier>{66a0ba8b-b4a1-47da-b7b7-500aca152506}</UniqueIdentifier>
    </Filter>
    <Filter Include="Engine\ECS\System\BehaviourTreeSystem">
      <UniqueIdentifier>{ff56e49d-266d-440c-9145-86ea71fef6c0}</UniqueIdentifier>
    </Filter>
    <Filter Include="Engine\ECS\Component\BehaviourTree">
      <UniqueIdentifier>{f9e42392-9cff-4872-891f-0d0d6e4f2b1c}</UniqueIdentifier>
    </Filter>
    <Filter Include="Engine\System\BehaviourTree">
      <UniqueIdentifier>{0116c54d-7cb2-46ba-bf7b-46b684f08f3e}</UniqueIdentifier>
    </Filter>
    <Filter Include="Engine\System\BehaviourTree\BehaviourTreeNode">
      <UniqueIdentifier>{9e53f17b-8e51-43ac-be64-b1b0c84ab989}</UniqueIdentifier>
    </Filter>
    <Filter Include="Engine\System\BehaviourTree\BTComposites">
      <UniqueIdentifier>{9e94e030-039b-4138-9c25-8874914bfafb}</UniqueIdentifier>
    </Filter>
    <Filter Include="Engine\System\BehaviourTree\BTDecorators">
      <UniqueIdentifier>{efb5bee2-ef8d-4bf0-a731-0147be476b1c}</UniqueIdentifier>
    </Filter>
    <Filter Include="Engine\System\BehaviourTree\BTActions">
      <UniqueIdentifier>{a3155664-fed7-4b87-a586-facfa87aaf41}</UniqueIdentifier>
    </Filter>
  </ItemGroup>
  <ItemGroup>
    <ClCompile Include="main.cpp">
      <Filter>Engine</Filter>
    </ClCompile>
    <ClCompile Include="ButtonControl.cpp">
      <Filter>Engine\Input\Control</Filter>
    </ClCompile>
    <ClCompile Include="Keyboard.cpp">
      <Filter>Engine\Input\Keyboard</Filter>
    </ClCompile>
    <ClCompile Include="InputManager.cpp">
      <Filter>Engine\Input</Filter>
    </ClCompile>
    <ClCompile Include="Precompiled.cpp">
      <Filter>Engine</Filter>
    </ClCompile>
    <ClCompile Include="World.cpp">
      <Filter>Engine\ECS\World</Filter>
    </ClCompile>
    <ClCompile Include="SceneManager.cpp">
      <Filter>Engine\Scene</Filter>
    </ClCompile>
    <ClCompile Include="Windows-NativeWindow.cpp">
      <Filter>Engine\System\Window</Filter>
    </ClCompile>
    <ClCompile Include="Application.cpp">
      <Filter>Engine</Filter>
    </ClCompile>
    <ClCompile Include="Vector2Int.cpp">
      <Filter>Engine\Math\Vector\Vector2</Filter>
    </ClCompile>
    <ClCompile Include="Rect.cpp">
      <Filter>Engine\Math\Rect</Filter>
    </ClCompile>
    <ClCompile Include="Time.cpp">
      <Filter>Engine\System\Time</Filter>
    </ClCompile>
    <ClCompile Include="Screen.cpp">
      <Filter>Engine\System\Screen</Filter>
    </ClCompile>
    <ClCompile Include="Vector3.cpp">
      <Filter>Engine\Math\Vector\Vector3</Filter>
    </ClCompile>
    <ClCompile Include="Vector2.cpp">
      <Filter>Engine\Math\Vector\Vector2</Filter>
    </ClCompile>
    <ClCompile Include="Vector3Int.cpp">
      <Filter>Engine\Math\Vector\Vector3</Filter>
    </ClCompile>
    <ClCompile Include="CollisionSystem.cpp">
      <Filter>Engine\ECS\System\CollisionSystem</Filter>
    </ClCompile>
    <ClCompile Include="Vector4.cpp">
      <Filter>Engine\Math\Vector\Vector4</Filter>
    </ClCompile>
    <ClCompile Include="Matrix4x4.cpp">
      <Filter>Engine\Math\Matrix</Filter>
    </ClCompile>
    <ClCompile Include="Quaternion.cpp">
      <Filter>Engine\Math\Quaternion</Filter>
    </ClCompile>
    <ClCompile Include="TransformSystem.cpp">
      <Filter>Engine\ECS\System\TransformSystem</Filter>
    </ClCompile>
    <ClCompile Include="CameraSystem.cpp">
      <Filter>Engine\ECS\System\CameraSystem</Filter>
    </ClCompile>
    <ClCompile Include="Reference.cpp">
      <Filter>Engine\System\Reference</Filter>
    </ClCompile>
    <ClCompile Include="DescriptorHeap.cpp">
      <Filter>Engine\Graphics\DescriptorHeap</Filter>
    </ClCompile>
    <ClCompile Include="FrameResource.cpp">
      <Filter>Engine\Graphics\FrameResource</Filter>
    </ClCompile>
    <ClCompile Include="GraphicsBuffer.cpp">
      <Filter>Engine\Graphics\Buffer</Filter>
    </ClCompile>
    <ClCompile Include="ShaderBytecode.cpp">
      <Filter>Engine\Graphics\Shader</Filter>
    </ClCompile>
    <ClCompile Include="CommandBuffer.cpp">
      <Filter>Engine\Graphics\CommandBuffer</Filter>
    </ClCompile>
    <ClCompile Include="Graphics.cpp">
      <Filter>Engine\Graphics</Filter>
    </ClCompile>
    <ClCompile Include="Color.cpp">
      <Filter>Engine\Math\Color%28RGBA%29</Filter>
    </ClCompile>
    <ClCompile Include="Plane.cpp">
      <Filter>Engine\Math\Plane</Filter>
    </ClCompile>
    <ClCompile Include="GeometryUtility.cpp">
      <Filter>Engine\Math</Filter>
    </ClCompile>
    <ClCompile Include="SpriteRendererSystem.cpp">
      <Filter>Engine\ECS\System\SpriteRendererSystem</Filter>
    </ClCompile>
    <ClCompile Include="Texture.cpp">
      <Filter>Engine\Resource\Asset\Texture</Filter>
    </ClCompile>
    <ClCompile Include="Texture2D.cpp">
      <Filter>Engine\Resource\Asset\Texture</Filter>
    </ClCompile>
    <ClCompile Include="TextureImporter.cpp">
      <Filter>Engine\Resource\AssetImporter\Texture</Filter>
    </ClCompile>
    <ClCompile Include="Bounds.cpp">
      <Filter>Engine\Math\Bounds%28AABB%29</Filter>
    </ClCompile>
    <ClCompile Include="AssetImporter.cpp">
      <Filter>Engine\Resource\AssetImporter</Filter>
    </ClCompile>
    <ClCompile Include="Sprite.cpp">
      <Filter>Engine\Resource\Asset\Sprite</Filter>
    </ClCompile>
    <ClCompile Include="Mouse.cpp">
      <Filter>Engine\Input\Mouse</Filter>
    </ClCompile>
    <ClCompile Include="InputControls.cpp">
      <Filter>Engine\Input\Control</Filter>
    </ClCompile>
    <ClCompile Include="Gamepad.cpp">
      <Filter>Engine\Input\Gamepad</Filter>
    </ClCompile>
    <ClCompile Include="MeshRendererSystem.cpp">
      <Filter>Engine\ECS\System\MeshRendererSystem</Filter>
    </ClCompile>
    <ClCompile Include="ModelImporter.cpp">
      <Filter>Engine\Resource\AssetImporter\Model</Filter>
    </ClCompile>
    <ClCompile Include="Material.cpp">
      <Filter>Engine\Resource\Asset\Material</Filter>
    </ClCompile>
    <ClCompile Include="LightSystem.cpp">
      <Filter>Engine\ECS\System\LightSystem</Filter>
    </ClCompile>
    <ClCompile Include="MainScene.cpp">
      <Filter>Game</Filter>
    </ClCompile>
    <ClCompile Include="TitleScene.cpp">
      <Filter>Game</Filter>
    </ClCompile>
    <ClCompile Include="InputSystem.cpp">
      <Filter>Engine\ECS\System\InputSystem</Filter>
    </ClCompile>
    <ClCompile Include="Mesh.cpp">
      <Filter>Engine\Resource\Asset\Mesh</Filter>
    </ClCompile>
    <ClCompile Include="Shader.cpp">
      <Filter>Engine\Resource\Asset\Shader</Filter>
    </ClCompile>
    <ClCompile Include="Skeleton.cpp">
      <Filter>Engine\Resource\Asset\Skeleton</Filter>
    </ClCompile>
    <ClCompile Include="AnimationSystem.cpp">
      <Filter>Engine\ECS\System\AnimationSystem</Filter>
    </ClCompile>
    <ClCompile Include="SkinnedMeshRendererSystem.cpp">
      <Filter>Engine\ECS\System\SkinnedMeshRendererSystem</Filter>
    </ClCompile>
    <ClCompile Include="Scene.cpp">
      <Filter>Engine\Scene</Filter>
    </ClCompile>
    <ClCompile Include="PlayerSystem.cpp">
      <Filter>Game\Character\Player</Filter>
    </ClCompile>
    <ClCompile Include="PlayerCameraSystem.cpp">
      <Filter>Game\Character\Player</Filter>
    </ClCompile>
    <ClCompile Include="EntityManager.cpp">
      <Filter>Engine\ECS\Entity</Filter>
    </ClCompile>
    <ClCompile Include="ProjectileSystem.cpp">
      <Filter>Engine\ECS\System\ProjectileSystem</Filter>
    </ClCompile>
    <ClCompile Include="DescriptorAllocator.cpp">
      <Filter>Engine\Graphics\DescriptorHeap</Filter>
    </ClCompile>
    <ClCompile Include="AssetManager.cpp">
      <Filter>Engine\Resource\Asset</Filter>
    </ClCompile>
    <ClCompile Include="EnemySystem.cpp">
      <Filter>Game\Character\Enemy</Filter>
    </ClCompile>
    <ClCompile Include="GameManagerSystem.cpp">
      <Filter>Game\Manager</Filter>
    </ClCompile>
    <ClCompile Include="AIAgentSystem.cpp">
      <Filter>Engine\ECS\System\AIAgentSystem</Filter>
    </ClCompile>
    <ClCompile Include="Chunk.cpp">
      <Filter>Engine\ECS\Archetype</Filter>
    </ClCompile>
    <ClCompile Include="ArchetypeManager.cpp">
      <Filter>Engine\ECS\Archetype</Filter>
    </ClCompile>
    <ClCompile Include="Ray.cpp">
      <Filter>Engine\Math\Ray</Filter>
    </ClCompile>
    <ClCompile Include="Physics.cpp">
      <Filter>Engine\System\Physics</Filter>
    </ClCompile>
    <ClCompile Include="SpatialHashGrid2D.cpp">
      <Filter>Engine\ECS\System\CollisionSystem\SpatialHashGrid\2D</Filter>
    </ClCompile>
    <ClCompile Include="SpatialHashGrid.cpp">
      <Filter>Engine\ECS\System\CollisionSystem\SpatialHashGrid\3D</Filter>
    </ClCompile>
    <ClCompile Include="DebugManager.cpp">
      <Filter>Engine\System\Debug</Filter>
    </ClCompile>
    <ClCompile Include="DebugLineRenderer.cpp">
      <Filter>Engine\System\Debug</Filter>
    </ClCompile>
    <ClCompile Include="BoneSocketSystem.cpp">
      <Filter>Engine\ECS\System\BoneSocketSystem</Filter>
    </ClCompile>
    <ClCompile Include="HPSystem.cpp">
      <Filter>Engine\ECS\System\HPSystem</Filter>
    </ClCompile>
    <ClCompile Include="AttackableSystem.cpp">
      <Filter>Engine\ECS\System\AttackableSystem</Filter>
    </ClCompile>
    <ClCompile Include="ArrowSystem.cpp">
      <Filter>Game\Character\Player\Arrow</Filter>
    </ClCompile>
    <ClCompile Include="ShaderRegistry.cpp">
      <Filter>Engine\Resource\Asset\Shader</Filter>
    </ClCompile>
    <ClCompile Include="ShaderImporter.cpp">
      <Filter>Engine\Resource\AssetImporter\Shader</Filter>
    </ClCompile>
    <ClCompile Include="StringUtility.cpp">
      <Filter>Engine\System\String</Filter>
    </ClCompile>
    <ClCompile Include="Path.cpp">
      <Filter>Engine\System\Path</Filter>
    </ClCompile>
    <ClCompile Include="ImageImporter.cpp">
      <Filter>Engine\Resource\AssetImporter\Image</Filter>
    </ClCompile>
    <ClCompile Include="PhysicsSystem.cpp">
      <Filter>Engine\ECS\System\PhysicsSystem</Filter>
    </ClCompile>
    <ClCompile Include="ComboSystem.cpp">
      <Filter>Game\Character\Combo\System</Filter>
    </ClCompile>
    <ClCompile Include="BattleCameraSystem.cpp">
      <Filter>Game\BattleCamera</Filter>
    </ClCompile>
    <ClCompile Include="PlayerMoveSystem.cpp">
      <Filter>Game\Character\Player</Filter>
    </ClCompile>
    <ClCompile Include="CharacterImporter.cpp">
      <Filter>Game\Character\Importer</Filter>
    </ClCompile>
    <ClCompile Include="GuardSystem.cpp">
      <Filter>Game\Character\Guard</Filter>
    </ClCompile>
    <ClCompile Include="EnemyAISystem.cpp">
      <Filter>Game\Character\Enemy</Filter>
    </ClCompile>
    <ClCompile Include="UICanvasSystem.cpp">
      <Filter>Engine\ECS\System\UICanvasSystem</Filter>
    </ClCompile>
    <ClCompile Include="UIAPI.cpp">
      <Filter>Engine\ECS\System\UICanvasSystem</Filter>
    </ClCompile>
    <ClCompile Include="SpriteAPI.cpp">
      <Filter>Engine\System\Utils</Filter>
    </ClCompile>
    <ClCompile Include="BindlessHeap.cpp">
      <Filter>Engine\Graphics\DescriptorHeap</Filter>
    </ClCompile>
    <ClCompile Include="BehaviourTreeSystem.cpp">
      <Filter>Engine\ECS\System\BehaviourTreeSystem</Filter>
    </ClCompile>
  </ItemGroup>
  <ItemGroup>
    <ClInclude Include="Keyboard.h">
      <Filter>Engine\Input\Keyboard</Filter>
    </ClInclude>
    <ClInclude Include="ButtonControl.h">
      <Filter>Engine\Input\Control</Filter>
    </ClInclude>
    <ClInclude Include="KeyCode.h">
      <Filter>Engine\Input\Keyboard</Filter>
    </ClInclude>
    <ClInclude Include="InputManager.h">
      <Filter>Engine\Input</Filter>
    </ClInclude>
    <ClInclude Include="System.h">
      <Filter>Engine\ECS\System</Filter>
    </ClInclude>
    <ClInclude Include="Velocity.h">
      <Filter>Engine\ECS\Component\Velocity</Filter>
    </ClInclude>
    <ClInclude Include="Input.h">
      <Filter>Engine\ECS\Component\Input</Filter>
    </ClInclude>
    <ClInclude Include="Precompiled.h">
      <Filter>Engine</Filter>
    </ClInclude>
    <ClInclude Include="Target.h">
      <Filter>Engine\ECS\Component\Target</Filter>
    </ClInclude>
    <ClInclude Include="SystemList.h">
      <Filter>Engine\ECS\System</Filter>
    </ClInclude>
    <ClInclude Include="Transform.h">
      <Filter>Engine\ECS\Component\Transform</Filter>
    </ClInclude>
    <ClInclude Include="Vector2.h">
      <Filter>Engine\Math\Vector\Vector2</Filter>
    </ClInclude>
    <ClInclude Include="World.h">
      <Filter>Engine\ECS\World</Filter>
    </ClInclude>
    <ClInclude Include="SceneManager.h">
      <Filter>Engine\Scene</Filter>
    </ClInclude>
    <ClInclude Include="Scene.h">
      <Filter>Engine\Scene</Filter>
    </ClInclude>
    <ClInclude Include="Application.h">
      <Filter>Engine</Filter>
    </ClInclude>
    <ClInclude Include="Windows-NativeWindow.h">
      <Filter>Engine\System\Window</Filter>
    </ClInclude>
    <ClInclude Include="Vector3.h">
      <Filter>Engine\Math\Vector\Vector3</Filter>
    </ClInclude>
    <ClInclude Include="Rect.h">
      <Filter>Engine\Math\Rect</Filter>
    </ClInclude>
    <ClInclude Include="Time.h">
      <Filter>Engine\System\Time</Filter>
    </ClInclude>
    <ClInclude Include="View.h">
      <Filter>Engine\ECS</Filter>
    </ClInclude>
    <ClInclude Include="Screen.h">
      <Filter>Engine\System\Screen</Filter>
    </ClInclude>
    <ClInclude Include="Resolution.h">
      <Filter>Engine\System\Screen</Filter>
    </ClInclude>
    <ClInclude Include="Vector2Int.h">
      <Filter>Engine\Math\Vector\Vector2</Filter>
    </ClInclude>
    <ClInclude Include="Vector3Int.h">
      <Filter>Engine\Math\Vector\Vector3</Filter>
    </ClInclude>
    <ClInclude Include="CircleCollider2D.h">
      <Filter>Engine\ECS\Component\Collider\Circle</Filter>
    </ClInclude>
    <ClInclude Include="CollisionSystem.h">
      <Filter>Engine\ECS\System\CollisionSystem</Filter>
    </ClInclude>
    <ClInclude Include="BoxCollider2D.h">
      <Filter>Engine\ECS\Component\Collider\Box</Filter>
    </ClInclude>
    <ClInclude Include="Entity.h">
      <Filter>Engine\ECS\Entity</Filter>
    </ClInclude>
    <ClInclude Include="Mathf.h">
      <Filter>Engine\Math</Filter>
    </ClInclude>
    <ClInclude Include="Quaternion.h">
      <Filter>Engine\Math\Quaternion</Filter>
    </ClInclude>
    <ClInclude Include="Matrix4x4.h">
      <Filter>Engine\Math\Matrix</Filter>
    </ClInclude>
    <ClInclude Include="Vector4.h">
      <Filter>Engine\Math\Vector\Vector4</Filter>
    </ClInclude>
    <ClInclude Include="TransformSystem.h">
      <Filter>Engine\ECS\System\TransformSystem</Filter>
    </ClInclude>
    <ClInclude Include="Camera.h">
      <Filter>Engine\ECS\Component\BoneSocket\Camera</Filter>
    </ClInclude>
    <ClInclude Include="CameraSystem.h">
      <Filter>Engine\ECS\System\CameraSystem</Filter>
    </ClInclude>
    <ClInclude Include="Utils.h">
      <Filter>Engine\System\Utils</Filter>
    </ClInclude>
    <ClInclude Include="Reference.h">
      <Filter>Engine\System\Reference</Filter>
    </ClInclude>
    <ClInclude Include="Graphics.h">
      <Filter>Engine\Graphics</Filter>
    </ClInclude>
    <ClInclude Include="DescriptorHeap.h">
      <Filter>Engine\Graphics\DescriptorHeap</Filter>
    </ClInclude>
    <ClInclude Include="FrameResource.h">
      <Filter>Engine\Graphics\FrameResource</Filter>
    </ClInclude>
    <ClInclude Include="GraphicsBuffer.h">
      <Filter>Engine\Graphics\Buffer</Filter>
    </ClInclude>
    <ClInclude Include="ShaderBytecode.h">
      <Filter>Engine\Graphics\Shader</Filter>
    </ClInclude>
    <ClInclude Include="CommandBuffer.h">
      <Filter>Engine\Graphics\CommandBuffer</Filter>
    </ClInclude>
    <ClInclude Include="Color.h">
      <Filter>Engine\Math\Color%28RGBA%29</Filter>
    </ClInclude>
    <ClInclude Include="Plane.h">
      <Filter>Engine\Math\Plane</Filter>
    </ClInclude>
    <ClInclude Include="GeometryUtility.h">
      <Filter>Engine\Math</Filter>
    </ClInclude>
    <ClInclude Include="SpriteRendererSystem.h">
      <Filter>Engine\ECS\System\SpriteRendererSystem</Filter>
    </ClInclude>
    <ClInclude Include="Texture.h">
      <Filter>Engine\Resource\Asset\Texture</Filter>
    </ClInclude>
    <ClInclude Include="Texture2D.h">
      <Filter>Engine\Resource\Asset\Texture</Filter>
    </ClInclude>
    <ClInclude Include="AssetImporter.h">
      <Filter>Engine\Resource\AssetImporter</Filter>
    </ClInclude>
    <ClInclude Include="TextureDimension.h">
      <Filter>Engine\Resource\Asset\Texture</Filter>
    </ClInclude>
    <ClInclude Include="TextureWrapMode.h">
      <Filter>Engine\Resource\Asset\Texture</Filter>
    </ClInclude>
    <ClInclude Include="FilterMode.h">
      <Filter>Engine\Resource\AssetImporter\Texture</Filter>
    </ClInclude>
    <ClInclude Include="TextureImporter.h">
      <Filter>Engine\Resource\AssetImporter\Texture</Filter>
    </ClInclude>
    <ClInclude Include="Sprite.h">
      <Filter>Engine\Resource\Asset\Sprite</Filter>
    </ClInclude>
    <ClInclude Include="Bounds.h">
      <Filter>Engine\Math\Bounds%28AABB%29</Filter>
    </ClInclude>
    <ClInclude Include="SpriteRenderer.h">
      <Filter>Engine\ECS\Component\SpriteRenderer</Filter>
    </ClInclude>
    <ClInclude Include="Mouse.h">
      <Filter>Engine\Input\Mouse</Filter>
    </ClInclude>
    <ClInclude Include="InputControls.h">
      <Filter>Engine\Input\Control</Filter>
    </ClInclude>
    <ClInclude Include="Gamepad.h">
      <Filter>Engine\Input\Gamepad</Filter>
    </ClInclude>
    <ClInclude Include="Mesh.h">
      <Filter>Engine\Resource\Asset\Mesh</Filter>
    </ClInclude>
    <ClInclude Include="MeshRenderer.h">
      <Filter>Engine\ECS\Component\MeshRenderer</Filter>
    </ClInclude>
    <ClInclude Include="MeshRendererSystem.h">
      <Filter>Engine\ECS\System\MeshRendererSystem</Filter>
    </ClInclude>
    <ClInclude Include="ModelImporter.h">
      <Filter>Engine\Resource\AssetImporter\Model</Filter>
    </ClInclude>
    <ClInclude Include="Material.h">
      <Filter>Engine\Resource\Asset\Material</Filter>
    </ClInclude>
    <ClInclude Include="Light.h">
      <Filter>Engine\ECS\Component\Light</Filter>
    </ClInclude>
    <ClInclude Include="LightSystem.h">
      <Filter>Engine\ECS\System\LightSystem</Filter>
    </ClInclude>
    <ClInclude Include="Animation.h">
      <Filter>Engine\Resource\Asset\Animation</Filter>
    </ClInclude>
    <ClInclude Include="TitleScene.h">
      <Filter>Game</Filter>
    </ClInclude>
    <ClInclude Include="MainScene.h">
      <Filter>Game</Filter>
    </ClInclude>
    <ClInclude Include="InputSystem.h">
      <Filter>Engine\ECS\System\InputSystem</Filter>
    </ClInclude>
    <ClInclude Include="Skeleton.h">
      <Filter>Engine\Resource\Asset\Skeleton</Filter>
    </ClInclude>
    <ClInclude Include="Shader.h">
      <Filter>Engine\Resource\Asset\Shader</Filter>
    </ClInclude>
    <ClInclude Include="MeshFilter.h">
      <Filter>Engine\ECS\Component\MeshFilter</Filter>
    </ClInclude>
    <ClInclude Include="Animator.h">
      <Filter>Engine\ECS\Component\Animator</Filter>
    </ClInclude>
    <ClInclude Include="SkinnedMeshRenderer.h">
      <Filter>Engine\ECS\Component\SkinnedMeshRenderer</Filter>
    </ClInclude>
    <ClInclude Include="SkinnedMeshRendererSystem.h">
      <Filter>Engine\ECS\System\SkinnedMeshRendererSystem</Filter>
    </ClInclude>
    <ClInclude Include="AnimationSystem.h">
      <Filter>Engine\ECS\System\AnimationSystem</Filter>
    </ClInclude>
    <ClInclude Include="ModelImporterSettings.h">
      <Filter>Engine\Resource\AssetImporter\Model</Filter>
    </ClInclude>
    <ClInclude Include="PlayerSystem.h">
      <Filter>Game\Character\Player</Filter>
    </ClInclude>
    <ClInclude Include="PlayerCamera.h">
      <Filter>Game\Character\Player</Filter>
    </ClInclude>
    <ClInclude Include="PlayerTag.h">
      <Filter>Game\Character\Player</Filter>
    </ClInclude>
    <ClInclude Include="PlayerCameraSystem.h">
      <Filter>Game\Character\Player</Filter>
    </ClInclude>
    <ClInclude Include="PlayerMove.h">
      <Filter>Game\Character\Player</Filter>
    </ClInclude>
    <ClInclude Include="EntityManager.h">
      <Filter>Engine\ECS\Entity</Filter>
    </ClInclude>
    <ClInclude Include="StringUtility.h">
      <Filter>Engine\System\String</Filter>
    </ClInclude>
    <ClInclude Include="List.h">
      <Filter>Engine\System\List</Filter>
    </ClInclude>
    <ClInclude Include="Arrow.h">
      <Filter>Game\Character\Player\Arrow</Filter>
    </ClInclude>
    <ClInclude Include="ArrowSystem.h">
      <Filter>Game\Character\Player\Arrow</Filter>
    </ClInclude>
    <ClInclude Include="Projectile.h">
      <Filter>Engine\ECS\Component\Projectile</Filter>
    </ClInclude>
    <ClInclude Include="ProjectileSystem.h">
      <Filter>Engine\ECS\System\ProjectileSystem</Filter>
    </ClInclude>
    <ClInclude Include="DescriptorAllocator.h">
      <Filter>Engine\Graphics\DescriptorHeap</Filter>
    </ClInclude>
    <ClInclude Include="Singleton.h">
      <Filter>Engine\System\Singleton</Filter>
    </ClInclude>
    <ClInclude Include="AssetManager.h">
      <Filter>Engine\Resource\Asset</Filter>
    </ClInclude>
    <ClInclude Include="ResourceManager.h">
      <Filter>Engine\Resource</Filter>
    </ClInclude>
    <ClInclude Include="Enemy.h">
      <Filter>Game\Character\Enemy</Filter>
    </ClInclude>
    <ClInclude Include="EnemySystem.h">
      <Filter>Game\Character\Enemy</Filter>
    </ClInclude>
    <ClInclude Include="GameManager.h">
      <Filter>Game\Manager</Filter>
    </ClInclude>
    <ClInclude Include="GameManagerSystem.h">
      <Filter>Game\Manager</Filter>
    </ClInclude>
    <ClInclude Include="AIAgent.h">
      <Filter>Engine\ECS\Component\AIAgent</Filter>
    </ClInclude>
    <ClInclude Include="AIAgentSystem.h">
      <Filter>Engine\ECS\System\AIAgentSystem</Filter>
    </ClInclude>
    <ClInclude Include="ScopedProfiler.h">
      <Filter>Engine\System</Filter>
    </ClInclude>
    <ClInclude Include="TypeInfo.h">
      <Filter>Engine\ECS\Archetype</Filter>
    </ClInclude>
    <ClInclude Include="IComponentData.h">
      <Filter>Engine\ECS\Component</Filter>
    </ClInclude>
    <ClInclude Include="Archetype.h">
      <Filter>Engine\ECS\Archetype</Filter>
    </ClInclude>
    <ClInclude Include="Chunk.h">
      <Filter>Engine\ECS\Archetype</Filter>
    </ClInclude>
    <ClInclude Include="ArchetypeManager.h">
      <Filter>Engine\ECS\Archetype</Filter>
    </ClInclude>
    <ClInclude Include="FNV-1a.h">
      <Filter>Engine\System\FNV-1a</Filter>
    </ClInclude>
    <ClInclude Include="Ray.h">
      <Filter>Engine\Math\Ray</Filter>
    </ClInclude>
    <ClInclude Include="Physics.h">
      <Filter>Engine\System\Physics</Filter>
    </ClInclude>
    <ClInclude Include="WFMeshRenderer.h">
      <Filter>Engine\ECS\Component\MeshRenderer\WF</Filter>
    </ClInclude>
    <ClInclude Include="Layer.h">
      <Filter>Engine\ECS\Component\Layer</Filter>
    </ClInclude>
    <ClInclude Include="Layers.h">
      <Filter>Engine\System\Layers</Filter>
    </ClInclude>
    <ClInclude Include="BoxCollider.h">
      <Filter>Engine\ECS\Component\Collider\Box</Filter>
    </ClInclude>
    <ClInclude Include="SphereCollider.h">
      <Filter>Engine\ECS\Component\Collider\Sphere</Filter>
    </ClInclude>
    <ClInclude Include="SpatialHashGrid2D.h">
      <Filter>Engine\ECS\System\CollisionSystem\SpatialHashGrid\2D</Filter>
    </ClInclude>
    <ClInclude Include="SpatialHashGrid.h">
      <Filter>Engine\ECS\System\CollisionSystem\SpatialHashGrid\3D</Filter>
    </ClInclude>
    <ClInclude Include="DebugRenderer.h">
      <Filter>Engine\ECS\Component\DebugRenderer</Filter>
    </ClInclude>
    <ClInclude Include="DebugManager.h">
      <Filter>Engine\System\Debug</Filter>
    </ClInclude>
    <ClInclude Include="DebugLineRenderer.h">
      <Filter>Engine\System\Debug</Filter>
    </ClInclude>
    <ClInclude Include="DebugTextRenderer.h">
      <Filter>Engine\System\Debug</Filter>
    </ClInclude>
    <ClInclude Include="DebugStats.h">
      <Filter>Engine\System\Debug</Filter>
    </ClInclude>
    <ClInclude Include="AABBCollider.h">
      <Filter>Engine\ECS\Component\Collider\AABB</Filter>
    </ClInclude>
    <ClInclude Include="BoneSocket.h">
      <Filter>Engine\ECS\Component\BoneSocket</Filter>
    </ClInclude>
    <ClInclude Include="BoneSocketSystem.h">
      <Filter>Engine\ECS\System\BoneSocketSystem</Filter>
    </ClInclude>
    <ClInclude Include="HP.h">
      <Filter>Engine\ECS\Component\HP</Filter>
    </ClInclude>
    <ClInclude Include="HPSystem.h">
      <Filter>Engine\ECS\System\HPSystem</Filter>
    </ClInclude>
    <ClInclude Include="Attackable.h">
      <Filter>Engine\ECS\Component\Attackable</Filter>
    </ClInclude>
    <ClInclude Include="AttackableSystem.h">
      <Filter>Engine\ECS\System\AttackableSystem</Filter>
    </ClInclude>
    <ClInclude Include="Damageable.h">
      <Filter>Engine\ECS\Component\Damageable</Filter>
    </ClInclude>
    <ClInclude Include="ShaderRegistry.h">
      <Filter>Engine\Resource\Asset\Shader</Filter>
    </ClInclude>
    <ClInclude Include="ShaderUtils.h">
      <Filter>Engine\Resource\Asset\Shader</Filter>
    </ClInclude>
    <ClInclude Include="ShaderImporter.h">
      <Filter>Engine\Resource\AssetImporter\Shader</Filter>
    </ClInclude>
    <ClInclude Include="Path.h">
      <Filter>Engine\System\Path</Filter>
    </ClInclude>
    <ClInclude Include="ImageImporter.h">
      <Filter>Engine\Resource\AssetImporter\Image</Filter>
    </ClInclude>
    <ClInclude Include="PhysicsSystem.h">
      <Filter>Engine\ECS\System\PhysicsSystem</Filter>
    </ClInclude>
    <ClInclude Include="Collider.h">
      <Filter>Engine\ECS\Component\Collider</Filter>
    </ClInclude>
    <ClInclude Include="ComboMove.h">
      <Filter>Game\Character\Combo</Filter>
    </ClInclude>
    <ClInclude Include="ComboState.h">
      <Filter>Game\Character\Combo</Filter>
    </ClInclude>
    <ClInclude Include="ComboInput.h">
      <Filter>Game\Character\Combo</Filter>
    </ClInclude>
    <ClInclude Include="ComboSystem.h">
      <Filter>Game\Character\Combo\System</Filter>
    </ClInclude>
    <ClInclude Include="DamageType.h">
      <Filter>Engine\ECS\Component\Damageable\Enum</Filter>
    </ClInclude>
    <ClInclude Include="CharacterStatus.h">
      <Filter>Game\Character\Combo</Filter>
    </ClInclude>
    <ClInclude Include="BattleCamera.h">
      <Filter>Game\BattleCamera</Filter>
    </ClInclude>
    <ClInclude Include="BattleCameraSystem.h">
      <Filter>Game\BattleCamera</Filter>
    </ClInclude>
    <ClInclude Include="PlayerMoveSystem.h">
      <Filter>Game\Character\Player</Filter>
    </ClInclude>
    <ClInclude Include="Tag.h">
      <Filter>Engine\ECS\Component\Tag</Filter>
    </ClInclude>
    <ClInclude Include="CharacterImporter.h">
      <Filter>Game\Character\Importer</Filter>
    </ClInclude>
    <ClInclude Include="GuardState.h">
      <Filter>Game\Character\Guard</Filter>
    </ClInclude>
    <ClInclude Include="GuardSystem.h">
      <Filter>Game\Character\Guard</Filter>
    </ClInclude>
    <ClInclude Include="EnemyAISystem.h">
      <Filter>Game\Character\Enemy</Filter>
    </ClInclude>
    <ClInclude Include="UICanvasSystem.h">
      <Filter>Engine\ECS\System\UICanvasSystem</Filter>
    </ClInclude>
    <ClInclude Include="UIAPI.h">
      <Filter>Engine\ECS\System\UICanvasSystem</Filter>
    </ClInclude>
    <ClInclude Include="SpriteAPI.h">
      <Filter>Engine\System\Utils</Filter>
    </ClInclude>
    <ClInclude Include="UIObject.h">
      <Filter>Engine\ECS\Component\UI</Filter>
    </ClInclude>
    <ClInclude Include="UIImage.h">
      <Filter>Engine\ECS\Component\UI\UIObjects</Filter>
    </ClInclude>
    <ClInclude Include="UICanvas.h">
      <Filter>Engine\ECS\Component\UI</Filter>
    </ClInclude>
    <ClInclude Include="BindlessHeap.h">
      <Filter>Engine\Graphics\DescriptorHeap</Filter>
    </ClInclude>
    <ClInclude Include="BehaviourTree.h">
      <Filter>Engine\ECS\Component\BehaviourTree</Filter>
    </ClInclude>
    <ClInclude Include="BehaviourTreeNode.h">
      <Filter>Engine\System\BehaviourTree\BehaviourTreeNode</Filter>
    </ClInclude>
    <ClInclude Include="BTComposites.h">
      <Filter>Engine\System\BehaviourTree\BTComposites</Filter>
    </ClInclude>
    <ClInclude Include="BTDecorators.h">
      <Filter>Engine\System\BehaviourTree\BTDecorators</Filter>
    </ClInclude>
    <ClInclude Include="BTActions.h">
      <Filter>Engine\System\BehaviourTree\BTActions</Filter>
    </ClInclude>
    <ClInclude Include="BehaviourTreeSystem.h">
      <Filter>Engine\ECS\System\BehaviourTreeSystem</Filter>
    </ClInclude>
  </ItemGroup>
  <ItemGroup>
    <None Include="SpriteRenderer.hlsl">
      <Filter>Engine\ECS\System\SpriteRendererSystem</Filter>
    </None>
    <None Include="Material.hlsli">
      <Filter>Engine\Resource\Asset\Material</Filter>
    </None>
    <None Include="MeshRenderer.hlsli">
      <Filter>Engine\ECS\System\MeshRendererSystem</Filter>
    </None>
    <None Include="Camera.hlsli">
      <Filter>Engine\ECS\System\CameraSystem</Filter>
    </None>
    <None Include="Light.hlsli">
      <Filter>Engine\ECS\System\LightSystem</Filter>
    </None>
    <None Include="SkinnedMeshRenderer.hlsli">
      <Filter>Engine\ECS\System\SkinnedMeshRendererSystem</Filter>
    </None>
    <None Include="Standard.hlsli">
      <Filter>Engine\Resource\Asset\Shader\HLSL</Filter>
    </None>
    <None Include="ScreenSpaceOverlay.hlsl">
      <Filter>Engine\ECS\System\UICanvasSystem</Filter>
    </None>
    <None Include="PBR.hlsl">
      <Filter>Engine\Resource\Asset\Shader\HLSL</Filter>
    </None>
    <None Include="Standard.hlsl">
      <Filter>Engine\Resource\Asset\Shader\HLSL</Filter>
    </None>
  </ItemGroup>
  <ItemGroup>
    <FxCompile Include="LineShader.hlsl">
      <Filter>Engine\Graphics\Shader\LineShader</Filter>
    </FxCompile>
  </ItemGroup>
</Project>