<?xml version="1.0" encoding="utf-8"?>
<Project ToolsVersion="4.0" xmlns="http://schemas.microsoft.com/developer/msbuild/2003">
  <ItemGroup>
    <Filter Include="ゲームエンジン">
      <UniqueIdentifier>{7a56c1fd-086a-44a6-85a4-a848abc2b5b8}</UniqueIdentifier>
    </Filter>
    <Filter Include="ゲームエンジン\入力">
      <UniqueIdentifier>{7845de62-3be1-43a8-b424-318bac2b2d31}</UniqueIdentifier>
    </Filter>
    <Filter Include="ゲームエンジン\入力\キーボード">
      <UniqueIdentifier>{f5d80127-08b2-494f-9d8b-2257236f331d}</UniqueIdentifier>
    </Filter>
    <Filter Include="ゲームエンジン\ECS">
      <UniqueIdentifier>{f9a48a94-b57b-4009-a2a2-100373babb5b}</UniqueIdentifier>
    </Filter>
    <Filter Include="ゲームエンジン\数学">
      <UniqueIdentifier>{9c575b15-4f68-4cc1-85b1-f1d42f899921}</UniqueIdentifier>
    </Filter>
    <Filter Include="ゲームエンジン\シーン">
      <UniqueIdentifier>{25a18b67-a338-4621-9426-d862c75bf930}</UniqueIdentifier>
    </Filter>
    <Filter Include="ゲーム">
      <UniqueIdentifier>{8571d170-e60d-4416-9202-2b75a2d014c2}</UniqueIdentifier>
    </Filter>
    <Filter Include="ゲームエンジン\システム">
      <UniqueIdentifier>{7f29af62-aab0-485f-8a8d-d303d41ac538}</UniqueIdentifier>
    </Filter>
    <Filter Include="ゲームエンジン\システム\ウィンドウ">
      <UniqueIdentifier>{4ccbb532-db2e-49cb-976f-11ac0858312e}</UniqueIdentifier>
    </Filter>
    <Filter Include="ゲームエンジン\数学\矩形">
      <UniqueIdentifier>{7947c726-26c3-4cb4-a0a2-17d6312b0169}</UniqueIdentifier>
    </Filter>
    <Filter Include="ゲームエンジン\数学\ベクトル">
      <UniqueIdentifier>{c3853afa-86c9-48cd-84c8-f19d200e7353}</UniqueIdentifier>
    </Filter>
    <Filter Include="ゲームエンジン\システム\時間">
      <UniqueIdentifier>{fb3f934c-80a9-4d27-8899-86a7456e6338}</UniqueIdentifier>
    </Filter>
    <Filter Include="ゲームエンジン\システム\画面解像度">
      <UniqueIdentifier>{c1a025c2-904b-4218-8f1f-74233f02a821}</UniqueIdentifier>
    </Filter>
    <Filter Include="ゲームエンジン\数学\四元数">
      <UniqueIdentifier>{418de6c1-ac1f-400c-b5e2-5767e415a444}</UniqueIdentifier>
    </Filter>
    <Filter Include="ゲームエンジン\数学\行列">
      <UniqueIdentifier>{65654fec-5fec-4c00-a5f9-4004d181561a}</UniqueIdentifier>
    </Filter>
    <Filter Include="ゲームエンジン\数学\ベクトル\4次元ベクトル">
      <UniqueIdentifier>{875ab32f-3bf9-4b6d-b73c-79d968091545}</UniqueIdentifier>
    </Filter>
    <Filter Include="ゲームエンジン\数学\ベクトル\3次元ベクトル">
      <UniqueIdentifier>{0945fd1a-5508-4b2f-a361-3603f99973bf}</UniqueIdentifier>
    </Filter>
    <Filter Include="ゲームエンジン\数学\ベクトル\2次元ベクトル">
      <UniqueIdentifier>{53528ff8-5b21-4949-8399-6f2c8eaa00b3}</UniqueIdentifier>
    </Filter>
    <Filter Include="ゲームエンジン\システム\Utils">
      <UniqueIdentifier>{92cb311d-b92f-49f4-9d28-0a942c32f710}</UniqueIdentifier>
    </Filter>
    <Filter Include="ゲームエンジン\システム\参照カウント">
      <UniqueIdentifier>{74e15c17-87a6-4c6b-8cfd-3577ead06119}</UniqueIdentifier>
    </Filter>
    <Filter Include="ゲームエンジン\グラフィックス">
      <UniqueIdentifier>{32d0800e-1a21-4cd9-ab66-e08cc5c9639f}</UniqueIdentifier>
    </Filter>
    <Filter Include="ゲームエンジン\リソース">
      <UniqueIdentifier>{7fb7c8ec-3b73-428c-a0bc-c000bac73854}</UniqueIdentifier>
    </Filter>
    <Filter Include="ゲームエンジン\グラフィックス\ディスクリプタヒープ">
      <UniqueIdentifier>{327dda7e-bd61-4c39-b83a-e6a5354f25a2}</UniqueIdentifier>
    </Filter>
    <Filter Include="ゲームエンジン\グラフィックス\フレームリソース">
      <UniqueIdentifier>{0d7e331f-a093-45d6-b5f5-f9536a93a6c6}</UniqueIdentifier>
    </Filter>
    <Filter Include="ゲームエンジン\グラフィックス\バッファ">
      <UniqueIdentifier>{704f5914-e760-468e-af6e-7bb3d3edb948}</UniqueIdentifier>
    </Filter>
    <Filter Include="ゲームエンジン\グラフィックス\シェーダー">
      <UniqueIdentifier>{ef8fdefd-86c6-48ab-ade3-b0ead6114f2b}</UniqueIdentifier>
    </Filter>
    <Filter Include="ゲームエンジン\グラフィックス\コマンドバッファ">
      <UniqueIdentifier>{ccfcb6eb-5a31-4ec0-8b00-52c90641fb8a}</UniqueIdentifier>
    </Filter>
    <Filter Include="ゲームエンジン\数学\カラー%28RGBA%29">
      <UniqueIdentifier>{415fd782-3a90-407f-bf2b-28cc52e6e2d4}</UniqueIdentifier>
    </Filter>
    <Filter Include="ゲームエンジン\数学\平面">
      <UniqueIdentifier>{66c56124-0f82-4484-82f9-a81fb04a1d1d}</UniqueIdentifier>
    </Filter>
    <Filter Include="ゲームエンジン\リソース\アセットインポーター">
      <UniqueIdentifier>{72c1ab85-6ac5-4e16-abbb-0127033cdea4}</UniqueIdentifier>
    </Filter>
    <Filter Include="ゲームエンジン\リソース\アセットインポーター\テクスチャ">
      <UniqueIdentifier>{aa87146c-9a86-4dea-919a-88b673a240a8}</UniqueIdentifier>
    </Filter>
    <Filter Include="ゲームエンジン\数学\軸平行境界ボックス%28AABB%29">
      <UniqueIdentifier>{3eb73c6b-ba3b-4785-9475-dd69043fad67}</UniqueIdentifier>
    </Filter>
    <Filter Include="ゲームエンジン\ECS\ワールド">
      <UniqueIdentifier>{1a58a290-9ca7-4c4c-9ce8-1124fc09e6e1}</UniqueIdentifier>
    </Filter>
    <Filter Include="ゲームエンジン\入力\マウス">
      <UniqueIdentifier>{f4c8d4c0-6e90-4424-b643-c78a377b383a}</UniqueIdentifier>
    </Filter>
    <Filter Include="ゲームエンジン\入力\ゲームパッド">
      <UniqueIdentifier>{9470c7aa-9477-4894-8dcc-18c69aaf3f7b}</UniqueIdentifier>
    </Filter>
    <Filter Include="ゲームエンジン\入力\コントロール">
      <UniqueIdentifier>{af687782-c53a-4c91-a942-7070dd8abf3a}</UniqueIdentifier>
    </Filter>
    <Filter Include="ゲームエンジン\ECS\コンポーネント">
      <UniqueIdentifier>{f581a475-7c78-4eef-8a8d-97f7a8d594ca}</UniqueIdentifier>
    </Filter>
    <Filter Include="ゲームエンジン\ECS\コンポーネント\図形">
      <UniqueIdentifier>{3485da9c-1525-4478-909e-99d96b9a3482}</UniqueIdentifier>
    </Filter>
    <Filter Include="ゲームエンジン\ECS\コンポーネント\図形\Circle">
      <UniqueIdentifier>{fadeacb0-8572-4cf5-a8f9-3821552ac954}</UniqueIdentifier>
    </Filter>
    <Filter Include="ゲームエンジン\ECS\コンポーネント\図形\Triangle">
      <UniqueIdentifier>{b13de4d8-10d4-449b-af1e-b419e4f5765d}</UniqueIdentifier>
    </Filter>
    <Filter Include="ゲームエンジン\ECS\コンポーネント\図形\Box">
      <UniqueIdentifier>{670adec7-9d6a-431b-b6cf-04146029a375}</UniqueIdentifier>
    </Filter>
    <Filter Include="ゲームエンジン\ECS\コンポーネント\カメラ">
      <UniqueIdentifier>{2c63c779-9794-4947-bfe0-c1fced9dc95d}</UniqueIdentifier>
    </Filter>
    <Filter Include="ゲームエンジン\ECS\コンポーネント\コライダー">
      <UniqueIdentifier>{408567bc-fc20-4824-82d8-300c8f128024}</UniqueIdentifier>
    </Filter>
    <Filter Include="ゲームエンジン\ECS\コンポーネント\コライダー\Circle">
      <UniqueIdentifier>{7fd5ce92-818d-4ebd-b453-2e134251b35d}</UniqueIdentifier>
    </Filter>
    <Filter Include="ゲームエンジン\ECS\コンポーネント\コライダー\Box">
      <UniqueIdentifier>{47f64d3e-abf7-4287-90f6-86b3d9588113}</UniqueIdentifier>
    </Filter>
    <Filter Include="ゲームエンジン\ECS\コンポーネント\インプット">
      <UniqueIdentifier>{13d447fc-113a-440a-980a-d2f2de693700}</UniqueIdentifier>
    </Filter>
    <Filter Include="ゲームエンジン\ECS\コンポーネント\ライト">
      <UniqueIdentifier>{46fe427b-641a-44cd-b9db-5ad0a3c3c63a}</UniqueIdentifier>
    </Filter>
    <Filter Include="ゲームエンジン\ECS\コンポーネント\メッシュレンダラー">
      <UniqueIdentifier>{5b966e98-aaea-4560-9dc8-13a11660b6ba}</UniqueIdentifier>
    </Filter>
    <Filter Include="ゲームエンジン\ECS\コンポーネント\スプライトレンダラー">
      <UniqueIdentifier>{b4221fa4-b5d7-4f1c-aa7f-6179a7918c4b}</UniqueIdentifier>
    </Filter>
    <Filter Include="ゲームエンジン\ECS\コンポーネント\タグ">
      <UniqueIdentifier>{4ed998dd-8bd5-4cbf-8d5d-09f84d60dce8}</UniqueIdentifier>
    </Filter>
    <Filter Include="ゲームエンジン\ECS\コンポーネント\ターゲット">
      <UniqueIdentifier>{a8ca2bda-9344-432f-aad5-59239bc31993}</UniqueIdentifier>
    </Filter>
    <Filter Include="ゲームエンジン\ECS\コンポーネント\トランスフォーム">
      <UniqueIdentifier>{04fcba60-a153-4bed-8088-3bb860a6cac2}</UniqueIdentifier>
    </Filter>
    <Filter Include="ゲームエンジン\ECS\コンポーネント\速度">
      <UniqueIdentifier>{7374020e-8140-460f-a5d0-8ca1f40a0ddf}</UniqueIdentifier>
    </Filter>
    <Filter Include="ゲームエンジン\リソース\アセット">
      <UniqueIdentifier>{6643440c-429b-4517-9160-c580f472a3ab}</UniqueIdentifier>
    </Filter>
    <Filter Include="ゲームエンジン\リソース\アセット\テクスチャ">
      <UniqueIdentifier>{5516db85-c6f7-4e5a-ac57-b2ddf189bb1f}</UniqueIdentifier>
    </Filter>
    <Filter Include="ゲームエンジン\リソース\アセット\スプライト">
      <UniqueIdentifier>{b58d8877-158b-4677-b3f3-9428d0c2920a}</UniqueIdentifier>
    </Filter>
    <Filter Include="ゲームエンジン\リソース\アセット\メッシュ">
      <UniqueIdentifier>{0fe4e66e-95a2-4581-9dfd-5107c77037de}</UniqueIdentifier>
    </Filter>
    <Filter Include="ゲームエンジン\リソース\アセット\マテリアル">
      <UniqueIdentifier>{e05911cb-a902-4b02-a6a8-9e9e6dd1632c}</UniqueIdentifier>
    </Filter>
    <Filter Include="ゲームエンジン\リソース\アセット\モデル">
      <UniqueIdentifier>{ca347933-1fb8-4a31-a7ec-bd0c5bacb0ab}</UniqueIdentifier>
    </Filter>
    <Filter Include="ゲームエンジン\リソース\アセット\スケルトン">
      <UniqueIdentifier>{67c73285-69cf-4992-a9e3-ecfa31690707}</UniqueIdentifier>
    </Filter>
    <Filter Include="ゲームエンジン\ECS\コンポーネント\アニメーターコントローラー">
      <UniqueIdentifier>{4822b19f-597b-4f35-a65d-e0ebd7c6571f}</UniqueIdentifier>
    </Filter>
    <Filter Include="ゲームエンジン\リソース\アセット\シェーダー">
      <UniqueIdentifier>{396ef0f2-1b2d-44dd-93df-fd3e744c5542}</UniqueIdentifier>
    </Filter>
    <Filter Include="ゲームエンジン\ECS\コンポーネント\メッシュフィルター">
      <UniqueIdentifier>{ee590dc4-bf36-465d-a5b2-c7c564133287}</UniqueIdentifier>
    </Filter>
    <Filter Include="ゲームエンジン\ECS\コンポーネント\アニメーター">
      <UniqueIdentifier>{e3ad7aa1-2d11-48d1-b4fb-818a67f8e9a3}</UniqueIdentifier>
    </Filter>
    <Filter Include="ゲームエンジン\ECS\コンポーネント\スキンドメッシュレンダラー">
      <UniqueIdentifier>{03fc5827-054e-4375-a095-8ddea0dca213}</UniqueIdentifier>
    </Filter>
    <Filter Include="ゲームエンジン\リソース\アセット\アニメーション">
      <UniqueIdentifier>{9527c971-850e-4e97-adc6-74c096d28bfc}</UniqueIdentifier>
    </Filter>
    <Filter Include="ゲームエンジン\リソース\アセットインポーター\モデル">
      <UniqueIdentifier>{bdef09f6-b28a-40ad-b2fc-8c750cd7e826}</UniqueIdentifier>
    </Filter>
    <Filter Include="ゲーム\Character">
      <UniqueIdentifier>{af1113e5-464e-4fbf-b21e-848d228b4d91}</UniqueIdentifier>
    </Filter>
    <Filter Include="ゲーム\Character\Player">
      <UniqueIdentifier>{d2acf18b-e107-476a-8daf-41783369420e}</UniqueIdentifier>
    </Filter>
    <Filter Include="ゲームエンジン\ECS\システム">
      <UniqueIdentifier>{561e9868-0d5f-46df-9b0d-b22ab4271b6a}</UniqueIdentifier>
    </Filter>
    <Filter Include="ゲームエンジン\ECS\システム\コリジョンシステム">
      <UniqueIdentifier>{fabdf4b6-80b2-4642-b12e-b9bdc87d3aed}</UniqueIdentifier>
    </Filter>
    <Filter Include="ゲームエンジン\ECS\システム\コリジョンシステム\SpatialHashGrid">
      <UniqueIdentifier>{8dde386a-8b75-4bcf-85e6-2e2b63300f02}</UniqueIdentifier>
    </Filter>
    <Filter Include="ゲームエンジン\ECS\システム\カメラシステム">
      <UniqueIdentifier>{1280fded-8ff4-41fc-8f5d-cc675f7b9b7e}</UniqueIdentifier>
    </Filter>
    <Filter Include="ゲームエンジン\ECS\システム\スプライトレンダラーシステム">
      <UniqueIdentifier>{0e48e2b9-0497-42c9-9927-70ebe3ee7d91}</UniqueIdentifier>
    </Filter>
    <Filter Include="ゲームエンジン\ECS\システム\トランスフォームシステム">
      <UniqueIdentifier>{c40c410a-22d7-4f78-9f1a-9a8f7795bb77}</UniqueIdentifier>
    </Filter>
    <Filter Include="ゲームエンジン\ECS\システム\メッシュレンダラーシステム">
      <UniqueIdentifier>{28a1d3ca-4637-4e57-afe6-f1ed28256212}</UniqueIdentifier>
    </Filter>
    <Filter Include="ゲームエンジン\ECS\システム\ライトシステム">
      <UniqueIdentifier>{bdec7e2a-2c8e-4a7d-834e-06d729b59c40}</UniqueIdentifier>
    </Filter>
    <Filter Include="ゲームエンジン\ECS\システム\インプットシステム">
      <UniqueIdentifier>{63f8284f-05b8-42ba-beeb-243466cbb0fc}</UniqueIdentifier>
    </Filter>
    <Filter Include="ゲームエンジン\ECS\システム\アニメーションシステム">
      <UniqueIdentifier>{2d0596a7-d828-4f91-8e6a-ec71e7ec25ef}</UniqueIdentifier>
    </Filter>
    <Filter Include="ゲームエンジン\ECS\システム\スキンドメッシュレンダラーシステム">
      <UniqueIdentifier>{823eb8d7-26bc-4c6e-989c-0312e2bf7760}</UniqueIdentifier>
    </Filter>
    <Filter Include="ゲームエンジン\ECS\エンティティ">
      <UniqueIdentifier>{99bf5dad-2558-4d77-ac1d-d8a6460820af}</UniqueIdentifier>
    </Filter>
    <Filter Include="ゲームエンジン\システム\文字列">
      <UniqueIdentifier>{b0e5c635-8c8a-4c79-b19e-44cda4824f08}</UniqueIdentifier>
    </Filter>
  </ItemGroup>
  <ItemGroup>
    <ClCompile Include="main.cpp">
      <Filter>ゲームエンジン</Filter>
    </ClCompile>
    <ClCompile Include="ButtonControl.cpp">
      <Filter>ゲームエンジン\入力\コントロール</Filter>
    </ClCompile>
    <ClCompile Include="Keyboard.cpp">
      <Filter>ゲームエンジン\入力\キーボード</Filter>
    </ClCompile>
    <ClCompile Include="InputManager.cpp">
      <Filter>ゲームエンジン\入力</Filter>
    </ClCompile>
    <ClCompile Include="Precompiled.cpp">
      <Filter>ゲームエンジン</Filter>
    </ClCompile>
    <ClCompile Include="World.cpp">
      <Filter>ゲームエンジン\ECS\ワールド</Filter>
    </ClCompile>
    <ClCompile Include="SceneManager.cpp">
      <Filter>ゲームエンジン\シーン</Filter>
    </ClCompile>
    <ClCompile Include="Windows-NativeWindow.cpp">
      <Filter>ゲームエンジン\システム\ウィンドウ</Filter>
    </ClCompile>
    <ClCompile Include="Application.cpp">
      <Filter>ゲームエンジン</Filter>
    </ClCompile>
    <ClCompile Include="Vector2Int.cpp">
      <Filter>ゲームエンジン\数学\ベクトル\2次元ベクトル</Filter>
    </ClCompile>
    <ClCompile Include="Rect.cpp">
      <Filter>ゲームエンジン\数学\矩形</Filter>
    </ClCompile>
    <ClCompile Include="Time.cpp">
      <Filter>ゲームエンジン\システム\時間</Filter>
    </ClCompile>
    <ClCompile Include="Screen.cpp">
      <Filter>ゲームエンジン\システム\画面解像度</Filter>
    </ClCompile>
    <ClCompile Include="Vector3.cpp">
      <Filter>ゲームエンジン\数学\ベクトル\3次元ベクトル</Filter>
    </ClCompile>
    <ClCompile Include="Vector2.cpp">
      <Filter>ゲームエンジン\数学\ベクトル\2次元ベクトル</Filter>
    </ClCompile>
    <ClCompile Include="Vector3Int.cpp">
      <Filter>ゲームエンジン\数学\ベクトル\3次元ベクトル</Filter>
    </ClCompile>
    <ClCompile Include="CollisionSystem.cpp">
      <Filter>ゲームエンジン\ECS\システム\コリジョンシステム</Filter>
    </ClCompile>
    <ClCompile Include="Vector4.cpp">
      <Filter>ゲームエンジン\数学\ベクトル\4次元ベクトル</Filter>
    </ClCompile>
    <ClCompile Include="Matrix4x4.cpp">
      <Filter>ゲームエンジン\数学\行列</Filter>
    </ClCompile>
    <ClCompile Include="Quaternion.cpp">
      <Filter>ゲームエンジン\数学\四元数</Filter>
    </ClCompile>
    <ClCompile Include="TransformSystem.cpp">
      <Filter>ゲームエンジン\ECS\システム\トランスフォームシステム</Filter>
    </ClCompile>
    <ClCompile Include="CameraSystem.cpp">
      <Filter>ゲームエンジン\ECS\システム\カメラシステム</Filter>
    </ClCompile>
    <ClCompile Include="SpatialHashGrid.cpp">
      <Filter>ゲームエンジン\ECS\システム\コリジョンシステム</Filter>
    </ClCompile>
    <ClCompile Include="Reference.cpp">
      <Filter>ゲームエンジン\システム\参照カウント</Filter>
    </ClCompile>
    <ClCompile Include="DescriptorHeap.cpp">
      <Filter>ゲームエンジン\グラフィックス\ディスクリプタヒープ</Filter>
    </ClCompile>
    <ClCompile Include="FrameResource.cpp">
      <Filter>ゲームエンジン\グラフィックス\フレームリソース</Filter>
    </ClCompile>
    <ClCompile Include="GraphicsBuffer.cpp">
      <Filter>ゲームエンジン\グラフィックス\バッファ</Filter>
    </ClCompile>
    <ClCompile Include="ShaderBytecode.cpp">
      <Filter>ゲームエンジン\グラフィックス\シェーダー</Filter>
    </ClCompile>
    <ClCompile Include="CommandBuffer.cpp">
      <Filter>ゲームエンジン\グラフィックス\コマンドバッファ</Filter>
    </ClCompile>
    <ClCompile Include="Graphics.cpp">
      <Filter>ゲームエンジン\グラフィックス</Filter>
    </ClCompile>
    <ClCompile Include="Color.cpp">
      <Filter>ゲームエンジン\数学\カラー%28RGBA%29</Filter>
    </ClCompile>
    <ClCompile Include="Plane.cpp">
      <Filter>ゲームエンジン\数学\平面</Filter>
    </ClCompile>
    <ClCompile Include="GeometryUtility.cpp">
      <Filter>ゲームエンジン\数学</Filter>
    </ClCompile>
    <ClCompile Include="SpriteRendererSystem.cpp">
      <Filter>ゲームエンジン\ECS\システム\スプライトレンダラーシステム</Filter>
    </ClCompile>
    <ClCompile Include="Texture.cpp">
      <Filter>ゲームエンジン\リソース\アセット\テクスチャ</Filter>
    </ClCompile>
    <ClCompile Include="Texture2D.cpp">
      <Filter>ゲームエンジン\リソース\アセット\テクスチャ</Filter>
    </ClCompile>
    <ClCompile Include="TextureImporter.cpp">
      <Filter>ゲームエンジン\リソース\アセットインポーター\テクスチャ</Filter>
    </ClCompile>
    <ClCompile Include="Bounds.cpp">
      <Filter>ゲームエンジン\数学\軸平行境界ボックス%28AABB%29</Filter>
    </ClCompile>
    <ClCompile Include="AssetImporter.cpp">
      <Filter>ゲームエンジン\リソース\アセットインポーター</Filter>
    </ClCompile>
    <ClCompile Include="Sprite.cpp">
      <Filter>ゲームエンジン\リソース\アセット\スプライト</Filter>
    </ClCompile>
    <ClCompile Include="Mouse.cpp">
      <Filter>ゲームエンジン\入力\マウス</Filter>
    </ClCompile>
    <ClCompile Include="InputControls.cpp">
      <Filter>ゲームエンジン\入力\コントロール</Filter>
    </ClCompile>
    <ClCompile Include="Gamepad.cpp">
      <Filter>ゲームエンジン\入力\ゲームパッド</Filter>
    </ClCompile>
    <ClCompile Include="MeshRendererSystem.cpp">
      <Filter>ゲームエンジン\ECS\システム\メッシュレンダラーシステム</Filter>
    </ClCompile>
    <ClCompile Include="ModelImporter.cpp">
      <Filter>ゲームエンジン\リソース\アセットインポーター\モデル</Filter>
    </ClCompile>
    <ClCompile Include="Material.cpp">
      <Filter>ゲームエンジン\リソース\アセット\マテリアル</Filter>
    </ClCompile>
    <ClCompile Include="LightSystem.cpp">
      <Filter>ゲームエンジン\ECS\システム\ライトシステム</Filter>
    </ClCompile>
    <ClCompile Include="DescriptorAllocator.cpp">
      <Filter>ゲームエンジン\グラフィックス\ディスクリプタヒープ</Filter>
    </ClCompile>
    <ClCompile Include="MainScene.cpp">
      <Filter>ゲーム</Filter>
    </ClCompile>
    <ClCompile Include="TitleScene.cpp">
      <Filter>ゲーム</Filter>
    </ClCompile>
    <ClCompile Include="InputSystem.cpp">
      <Filter>ゲームエンジン\ECS\システム\インプットシステム</Filter>
    </ClCompile>
    <ClCompile Include="Mesh.cpp">
      <Filter>ゲームエンジン\リソース\アセット\メッシュ</Filter>
    </ClCompile>
    <ClCompile Include="Shader.cpp">
      <Filter>ゲームエンジン\リソース\アセット\シェーダー</Filter>
    </ClCompile>
    <ClCompile Include="Skeleton.cpp">
      <Filter>ゲームエンジン\リソース\アセット\スケルトン</Filter>
    </ClCompile>
    <ClCompile Include="AnimationSystem.cpp">
      <Filter>ゲームエンジン\ECS\システム\アニメーションシステム</Filter>
    </ClCompile>
    <ClCompile Include="SkinnedMeshRendererSystem.cpp">
      <Filter>ゲームエンジン\ECS\システム\スキンドメッシュレンダラーシステム</Filter>
    </ClCompile>
    <ClCompile Include="Scene.cpp">
      <Filter>ゲームエンジン\シーン</Filter>
    </ClCompile>
    <ClCompile Include="PlayerSystem.cpp">
      <Filter>ゲーム\Character\Player</Filter>
    </ClCompile>
    <ClCompile Include="PlayerCameraSystem.cpp">
      <Filter>ゲーム\Character\Player</Filter>
    </ClCompile>
    <ClCompile Include="EntityManager.cpp">
      <Filter>ゲームエンジン\ECS\エンティティ</Filter>
    </ClCompile>
    <ClCompile Include="ComponentManager.cpp">
      <Filter>ゲームエンジン\ECS\コンポーネント</Filter>
    </ClCompile>
  </ItemGroup>
  <ItemGroup>
    <ClInclude Include="Keyboard.h">
      <Filter>ゲームエンジン\入力\キーボード</Filter>
    </ClInclude>
    <ClInclude Include="ButtonControl.h">
      <Filter>ゲームエンジン\入力\コントロール</Filter>
    </ClInclude>
    <ClInclude Include="KeyCode.h">
      <Filter>ゲームエンジン\入力\キーボード</Filter>
    </ClInclude>
    <ClInclude Include="InputManager.h">
      <Filter>ゲームエンジン\入力</Filter>
    </ClInclude>
    <ClInclude Include="IComponentStorage.h">
      <Filter>ゲームエンジン\ECS\コンポーネント</Filter>
    </ClInclude>
    <ClInclude Include="ComponentStorage.h">
      <Filter>ゲームエンジン\ECS\コンポーネント</Filter>
    </ClInclude>
    <ClInclude Include="System.h">
      <Filter>ゲームエンジン\ECS\システム</Filter>
    </ClInclude>
    <ClInclude Include="Velocity.h">
      <Filter>ゲームエンジン\ECS\コンポーネント\速度</Filter>
    </ClInclude>
    <ClInclude Include="Input.h">
      <Filter>ゲームエンジン\ECS\コンポーネント\インプット</Filter>
    </ClInclude>
    <ClInclude Include="Precompiled.h">
      <Filter>ゲームエンジン</Filter>
    </ClInclude>
    <ClInclude Include="Circle.h">
      <Filter>ゲームエンジン\ECS\コンポーネント\図形\Circle</Filter>
    </ClInclude>
    <ClInclude Include="Triangle.h">
      <Filter>ゲームエンジン\ECS\コンポーネント\図形\Triangle</Filter>
    </ClInclude>
    <ClInclude Include="Target.h">
      <Filter>ゲームエンジン\ECS\コンポーネント\ターゲット</Filter>
    </ClInclude>
    <ClInclude Include="SystemList.h">
      <Filter>ゲームエンジン\ECS\システム</Filter>
    </ClInclude>
    <ClInclude Include="Transform.h">
      <Filter>ゲームエンジン\ECS\コンポーネント\トランスフォーム</Filter>
    </ClInclude>
    <ClInclude Include="Vector2.h">
      <Filter>ゲームエンジン\数学\ベクトル\2次元ベクトル</Filter>
    </ClInclude>
    <ClInclude Include="World.h">
      <Filter>ゲームエンジン\ECS\ワールド</Filter>
    </ClInclude>
    <ClInclude Include="SceneManager.h">
      <Filter>ゲームエンジン\シーン</Filter>
    </ClInclude>
    <ClInclude Include="Scene.h">
      <Filter>ゲームエンジン\シーン</Filter>
    </ClInclude>
    <ClInclude Include="Application.h">
      <Filter>ゲームエンジン</Filter>
    </ClInclude>
    <ClInclude Include="Windows-NativeWindow.h">
      <Filter>ゲームエンジン\システム\ウィンドウ</Filter>
    </ClInclude>
    <ClInclude Include="Vector3.h">
      <Filter>ゲームエンジン\数学\ベクトル\3次元ベクトル</Filter>
    </ClInclude>
    <ClInclude Include="Rect.h">
      <Filter>ゲームエンジン\数学\矩形</Filter>
    </ClInclude>
    <ClInclude Include="Time.h">
      <Filter>ゲームエンジン\システム\時間</Filter>
    </ClInclude>
    <ClInclude Include="View.h">
      <Filter>ゲームエンジン\ECS</Filter>
    </ClInclude>
    <ClInclude Include="Screen.h">
      <Filter>ゲームエンジン\システム\画面解像度</Filter>
    </ClInclude>
    <ClInclude Include="Resolution.h">
      <Filter>ゲームエンジン\システム\画面解像度</Filter>
    </ClInclude>
    <ClInclude Include="Vector2Int.h">
      <Filter>ゲームエンジン\数学\ベクトル\2次元ベクトル</Filter>
    </ClInclude>
    <ClInclude Include="Vector3Int.h">
      <Filter>ゲームエンジン\数学\ベクトル\3次元ベクトル</Filter>
    </ClInclude>
    <ClInclude Include="CircleCollider2D.h">
      <Filter>ゲームエンジン\ECS\コンポーネント\コライダー\Circle</Filter>
    </ClInclude>
    <ClInclude Include="Box.h">
      <Filter>ゲームエンジン\ECS\コンポーネント\図形\Box</Filter>
    </ClInclude>
    <ClInclude Include="CollisionInfo.h">
      <Filter>ゲームエンジン\ECS\コンポーネント\コライダー</Filter>
    </ClInclude>
    <ClInclude Include="CollisionSystem.h">
      <Filter>ゲームエンジン\ECS\システム\コリジョンシステム</Filter>
    </ClInclude>
    <ClInclude Include="BoxCollider2D.h">
      <Filter>ゲームエンジン\ECS\コンポーネント\コライダー\Box</Filter>
    </ClInclude>
    <ClInclude Include="Entity.h">
      <Filter>ゲームエンジン\ECS\エンティティ</Filter>
    </ClInclude>
    <ClInclude Include="Mathf.h">
      <Filter>ゲームエンジン\数学</Filter>
    </ClInclude>
    <ClInclude Include="Quaternion.h">
      <Filter>ゲームエンジン\数学\四元数</Filter>
    </ClInclude>
    <ClInclude Include="Matrix4x4.h">
      <Filter>ゲームエンジン\数学\行列</Filter>
    </ClInclude>
    <ClInclude Include="Vector4.h">
      <Filter>ゲームエンジン\数学\ベクトル\4次元ベクトル</Filter>
    </ClInclude>
    <ClInclude Include="TransformSystem.h">
      <Filter>ゲームエンジン\ECS\システム\トランスフォームシステム</Filter>
    </ClInclude>
    <ClInclude Include="Camera.h">
      <Filter>ゲームエンジン\ECS\コンポーネント\カメラ</Filter>
    </ClInclude>
    <ClInclude Include="CameraSystem.h">
      <Filter>ゲームエンジン\ECS\システム\カメラシステム</Filter>
    </ClInclude>
    <ClInclude Include="Tag.h">
      <Filter>ゲームエンジン\ECS\コンポーネント\タグ</Filter>
    </ClInclude>
    <ClInclude Include="SpatialHashGrid.h">
      <Filter>ゲームエンジン\ECS\システム\コリジョンシステム</Filter>
    </ClInclude>
    <ClInclude Include="Utils.h">
      <Filter>ゲームエンジン\システム\Utils</Filter>
    </ClInclude>
    <ClInclude Include="Reference.h">
      <Filter>ゲームエンジン\システム\参照カウント</Filter>
    </ClInclude>
    <ClInclude Include="Graphics.h">
      <Filter>ゲームエンジン\グラフィックス</Filter>
    </ClInclude>
    <ClInclude Include="DescriptorHeap.h">
      <Filter>ゲームエンジン\グラフィックス\ディスクリプタヒープ</Filter>
    </ClInclude>
    <ClInclude Include="FrameResource.h">
      <Filter>ゲームエンジン\グラフィックス\フレームリソース</Filter>
    </ClInclude>
    <ClInclude Include="GraphicsBuffer.h">
      <Filter>ゲームエンジン\グラフィックス\バッファ</Filter>
    </ClInclude>
    <ClInclude Include="ShaderBytecode.h">
      <Filter>ゲームエンジン\グラフィックス\シェーダー</Filter>
    </ClInclude>
    <ClInclude Include="CommandBuffer.h">
      <Filter>ゲームエンジン\グラフィックス\コマンドバッファ</Filter>
    </ClInclude>
    <ClInclude Include="Color.h">
      <Filter>ゲームエンジン\数学\カラー%28RGBA%29</Filter>
    </ClInclude>
    <ClInclude Include="Plane.h">
      <Filter>ゲームエンジン\数学\平面</Filter>
    </ClInclude>
    <ClInclude Include="GeometryUtility.h">
      <Filter>ゲームエンジン\数学</Filter>
    </ClInclude>
    <ClInclude Include="SpriteRendererSystem.h">
      <Filter>ゲームエンジン\ECS\システム\スプライトレンダラーシステム</Filter>
    </ClInclude>
    <ClInclude Include="Texture.h">
      <Filter>ゲームエンジン\リソース\アセット\テクスチャ</Filter>
    </ClInclude>
    <ClInclude Include="Texture2D.h">
      <Filter>ゲームエンジン\リソース\アセット\テクスチャ</Filter>
    </ClInclude>
    <ClInclude Include="AssetImporter.h">
      <Filter>ゲームエンジン\リソース\アセットインポーター</Filter>
    </ClInclude>
    <ClInclude Include="TextureDimension.h">
      <Filter>ゲームエンジン\リソース\アセット\テクスチャ</Filter>
    </ClInclude>
    <ClInclude Include="TextureWrapMode.h">
      <Filter>ゲームエンジン\リソース\アセット\テクスチャ</Filter>
    </ClInclude>
    <ClInclude Include="FilterMode.h">
      <Filter>ゲームエンジン\リソース\アセットインポーター\テクスチャ</Filter>
    </ClInclude>
    <ClInclude Include="TextureImporter.h">
      <Filter>ゲームエンジン\リソース\アセットインポーター\テクスチャ</Filter>
    </ClInclude>
    <ClInclude Include="Sprite.h">
      <Filter>ゲームエンジン\リソース\アセット\スプライト</Filter>
    </ClInclude>
    <ClInclude Include="Bounds.h">
      <Filter>ゲームエンジン\数学\軸平行境界ボックス%28AABB%29</Filter>
    </ClInclude>
    <ClInclude Include="SpriteRenderer.h">
      <Filter>ゲームエンジン\ECS\コンポーネント\スプライトレンダラー</Filter>
    </ClInclude>
    <ClInclude Include="Mouse.h">
      <Filter>ゲームエンジン\入力\マウス</Filter>
    </ClInclude>
    <ClInclude Include="InputControls.h">
      <Filter>ゲームエンジン\入力\コントロール</Filter>
    </ClInclude>
    <ClInclude Include="Gamepad.h">
      <Filter>ゲームエンジン\入力\ゲームパッド</Filter>
    </ClInclude>
    <ClInclude Include="Mesh.h">
      <Filter>ゲームエンジン\リソース\アセット\メッシュ</Filter>
    </ClInclude>
    <ClInclude Include="MeshRenderer.h">
      <Filter>ゲームエンジン\ECS\コンポーネント\メッシュレンダラー</Filter>
    </ClInclude>
    <ClInclude Include="MeshRendererSystem.h">
      <Filter>ゲームエンジン\ECS\システム\メッシュレンダラーシステム</Filter>
    </ClInclude>
    <ClInclude Include="ModelImporter.h">
      <Filter>ゲームエンジン\リソース\アセットインポーター\モデル</Filter>
    </ClInclude>
    <ClInclude Include="Material.h">
      <Filter>ゲームエンジン\リソース\アセット\マテリアル</Filter>
    </ClInclude>
    <ClInclude Include="Light.h">
      <Filter>ゲームエンジン\ECS\コンポーネント\ライト</Filter>
    </ClInclude>
    <ClInclude Include="LightSystem.h">
      <Filter>ゲームエンジン\ECS\システム\ライトシステム</Filter>
    </ClInclude>
    <ClInclude Include="DescriptorAllocator.h">
      <Filter>ゲームエンジン\グラフィックス\ディスクリプタヒープ</Filter>
    </ClInclude>
    <ClInclude Include="Animation.h">
      <Filter>ゲームエンジン\リソース\アセット\アニメーション</Filter>
    </ClInclude>
    <ClInclude Include="TitleScene.h">
      <Filter>ゲーム</Filter>
    </ClInclude>
    <ClInclude Include="MainScene.h">
      <Filter>ゲーム</Filter>
    </ClInclude>
    <ClInclude Include="InputSystem.h">
      <Filter>ゲームエンジン\ECS\システム\インプットシステム</Filter>
    </ClInclude>
    <ClInclude Include="Model.h">
      <Filter>ゲームエンジン\リソース\アセット\モデル</Filter>
    </ClInclude>
    <ClInclude Include="Skeleton.h">
      <Filter>ゲームエンジン\リソース\アセット\スケルトン</Filter>
    </ClInclude>
    <ClInclude Include="Shader.h">
      <Filter>ゲームエンジン\リソース\アセット\シェーダー</Filter>
    </ClInclude>
    <ClInclude Include="MeshFilter.h">
      <Filter>ゲームエンジン\ECS\コンポーネント\メッシュフィルター</Filter>
    </ClInclude>
    <ClInclude Include="Animator.h">
      <Filter>ゲームエンジン\ECS\コンポーネント\アニメーター</Filter>
    </ClInclude>
    <ClInclude Include="SkinnedMeshRenderer.h">
      <Filter>ゲームエンジン\ECS\コンポーネント\スキンドメッシュレンダラー</Filter>
    </ClInclude>
    <ClInclude Include="SkinnedMeshRendererSystem.h">
      <Filter>ゲームエンジン\ECS\システム\スキンドメッシュレンダラーシステム</Filter>
    </ClInclude>
    <ClInclude Include="AnimationSystem.h">
      <Filter>ゲームエンジン\ECS\システム\アニメーションシステム</Filter>
    </ClInclude>
    <ClInclude Include="ModelImporterSettings.h">
      <Filter>ゲームエンジン\リソース\アセットインポーター\モデル</Filter>
    </ClInclude>
    <ClInclude Include="PlayerSystem.h">
      <Filter>ゲーム\Character\Player</Filter>
    </ClInclude>
    <ClInclude Include="PlayerCamera.h">
      <Filter>ゲーム\Character\Player</Filter>
    </ClInclude>
    <ClInclude Include="PlayerTag.h">
      <Filter>ゲーム\Character\Player</Filter>
    </ClInclude>
    <ClInclude Include="PlayerCameraSystem.h">
      <Filter>ゲーム\Character\Player</Filter>
    </ClInclude>
    <ClInclude Include="PlayerMove.h">
      <Filter>ゲーム\Character\Player</Filter>
    </ClInclude>
    <ClInclude Include="EntityManager.h">
      <Filter>ゲームエンジン\ECS\エンティティ</Filter>
    </ClInclude>
    <ClInclude Include="ComponentManager.h">
      <Filter>ゲームエンジン\ECS\コンポーネント</Filter>
    </ClInclude>
    <ClInclude Include="StringUtility.h">
      <Filter>ゲームエンジン\システム\文字列</Filter>
    </ClInclude>
  </ItemGroup>
  <ItemGroup>
    <None Include="SpriteRenderer.hlsl">
      <Filter>ゲームエンジン\ECS\システム\スプライトレンダラーシステム</Filter>
    </None>
  </ItemGroup>
  <ItemGroup>
    <FxCompile Include="MeshRenderer.hlsl">
      <Filter>ゲームエンジン\ECS\システム\メッシュレンダラーシステム</Filter>
    </FxCompile>
    <FxCompile Include="SkinnedMeshRenderer.hlsl">
      <Filter>ゲームエンジン\ECS\システム\スキンドメッシュレンダラーシステム</Filter>
    </FxCompile>
  </ItemGroup>
</Project>